// !$*UTF8*$!
{
	archiveVersion = 1;
	classes = {
	};
	objectVersion = 50;
	objects = {

/* Begin PBXBuildFile section */
		4808C2DC219ED32800B0DE8A /* main.cpp in Sources */ = {isa = PBXBuildFile; fileRef = 4808C2DB219ED32800B0DE8A /* main.cpp */; };
		4808C2EA219F28CB00B0DE8A /* main.cpp in Sources */ = {isa = PBXBuildFile; fileRef = 4808C2E9219F28CB00B0DE8A /* main.cpp */; };
		4824AD9E219E98F700104D8A /* main.cpp in Sources */ = {isa = PBXBuildFile; fileRef = 4824AD9D219E98F700104D8A /* main.cpp */; };
		48574233219430C2006151BF /* main.cpp in Sources */ = {isa = PBXBuildFile; fileRef = 48574232219430C2006151BF /* main.cpp */; };
		4857423E219467D8006151BF /* main.cpp in Sources */ = {isa = PBXBuildFile; fileRef = 4857423D219467D8006151BF /* main.cpp */; };
		4857424A219563CF006151BF /* vector_practice_2.cpp in Sources */ = {isa = PBXBuildFile; fileRef = 48574249219563CF006151BF /* vector_practice_2.cpp */; };
		4867D9A02199ECDE00A4A5FC /* main.cpp in Sources */ = {isa = PBXBuildFile; fileRef = 4867D99F2199ECDE00A4A5FC /* main.cpp */; };
		4867D9AC219AA25A00A4A5FC /* main.cpp in Sources */ = {isa = PBXBuildFile; fileRef = 4867D9AB219AA25A00A4A5FC /* main.cpp */; };
		4867D9B7219ABF6B00A4A5FC /* main.cpp in Sources */ = {isa = PBXBuildFile; fileRef = 4867D9B6219ABF6B00A4A5FC /* main.cpp */; };
		4867D9C2219AC17800A4A5FC /* main.cpp in Sources */ = {isa = PBXBuildFile; fileRef = 4867D9C1219AC17800A4A5FC /* main.cpp */; };
		4867D9CD219B281100A4A5FC /* main.cpp in Sources */ = {isa = PBXBuildFile; fileRef = 4867D9CC219B281100A4A5FC /* main.cpp */; };
		4867D9E4219E67EB00A4A5FC /* main.cpp in Sources */ = {isa = PBXBuildFile; fileRef = 4867D9E3219E67EB00A4A5FC /* main.cpp */; };
		4867D9E9219E681200A4A5FC /* vector_practice_1.cpp in Sources */ = {isa = PBXBuildFile; fileRef = 4884C7D721930F1C007550D0 /* vector_practice_1.cpp */; };
		4867D9F1219E890400A4A5FC /* main.cpp in Sources */ = {isa = PBXBuildFile; fileRef = 4867D9F0219E890400A4A5FC /* main.cpp */; };
		48694B1D219744D400896589 /* main.cpp in Sources */ = {isa = PBXBuildFile; fileRef = 48694B1C219744D400896589 /* main.cpp */; };
		486E8949218F18B200C8BC5E /* main.cpp in Sources */ = {isa = PBXBuildFile; fileRef = 486E8948218F18B200C8BC5E /* main.cpp */; };
		486E8954218F192B00C8BC5E /* main.cpp in Sources */ = {isa = PBXBuildFile; fileRef = 486E8953218F192B00C8BC5E /* main.cpp */; };
		486E895F218F19A200C8BC5E /* main.cpp in Sources */ = {isa = PBXBuildFile; fileRef = 486E895E218F19A200C8BC5E /* main.cpp */; };
		486E896A218F1AAC00C8BC5E /* main.cpp in Sources */ = {isa = PBXBuildFile; fileRef = 486E8969218F1AAC00C8BC5E /* main.cpp */; };
		486E8975218F1B0200C8BC5E /* main.cpp in Sources */ = {isa = PBXBuildFile; fileRef = 486E8974218F1B0200C8BC5E /* main.cpp */; };
		486E8980218F1B6A00C8BC5E /* main.cpp in Sources */ = {isa = PBXBuildFile; fileRef = 486E897F218F1B6A00C8BC5E /* main.cpp */; };
		486E898B218F1B9600C8BC5E /* main.cpp in Sources */ = {isa = PBXBuildFile; fileRef = 486E898A218F1B9600C8BC5E /* main.cpp */; };
		486E8996218F1BD000C8BC5E /* main.cpp in Sources */ = {isa = PBXBuildFile; fileRef = 486E8995218F1BD000C8BC5E /* main.cpp */; };
		486E89A1218F1C0700C8BC5E /* main.cpp in Sources */ = {isa = PBXBuildFile; fileRef = 486E89A0218F1C0700C8BC5E /* main.cpp */; };
		4884C7CD219172AB007550D0 /* main.cpp in Sources */ = {isa = PBXBuildFile; fileRef = 4884C7CC219172AB007550D0 /* main.cpp */; };
		48BB53DF21981683000F5C3C /* main.cpp in Sources */ = {isa = PBXBuildFile; fileRef = 48BB53DE21981683000F5C3C /* main.cpp */; };
		48DB318721999EA800A38B7A /* main.cpp in Sources */ = {isa = PBXBuildFile; fileRef = 48DB318621999EA800A38B7A /* main.cpp */; };
/* End PBXBuildFile section */

/* Begin PBXCopyFilesBuildPhase section */
		4808C2D7219ED32700B0DE8A /* CopyFiles */ = {
			isa = PBXCopyFilesBuildPhase;
			buildActionMask = 2147483647;
			dstPath = /usr/share/man/man1/;
			dstSubfolderSpec = 0;
			files = (
			);
			runOnlyForDeploymentPostprocessing = 1;
		};
		4808C2E5219F28CB00B0DE8A /* CopyFiles */ = {
			isa = PBXCopyFilesBuildPhase;
			buildActionMask = 2147483647;
			dstPath = /usr/share/man/man1/;
			dstSubfolderSpec = 0;
			files = (
			);
			runOnlyForDeploymentPostprocessing = 1;
		};
		4824AD99219E98F700104D8A /* CopyFiles */ = {
			isa = PBXCopyFilesBuildPhase;
			buildActionMask = 2147483647;
			dstPath = /usr/share/man/man1/;
			dstSubfolderSpec = 0;
			files = (
			);
			runOnlyForDeploymentPostprocessing = 1;
		};
		4857422E219430C2006151BF /* CopyFiles */ = {
			isa = PBXCopyFilesBuildPhase;
			buildActionMask = 2147483647;
			dstPath = /usr/share/man/man1/;
			dstSubfolderSpec = 0;
			files = (
			);
			runOnlyForDeploymentPostprocessing = 1;
		};
		48574239219467D8006151BF /* CopyFiles */ = {
			isa = PBXCopyFilesBuildPhase;
			buildActionMask = 2147483647;
			dstPath = /usr/share/man/man1/;
			dstSubfolderSpec = 0;
			files = (
			);
			runOnlyForDeploymentPostprocessing = 1;
		};
		4867D99B2199ECDE00A4A5FC /* CopyFiles */ = {
			isa = PBXCopyFilesBuildPhase;
			buildActionMask = 2147483647;
			dstPath = /usr/share/man/man1/;
			dstSubfolderSpec = 0;
			files = (
			);
			runOnlyForDeploymentPostprocessing = 1;
		};
		4867D9A7219AA25A00A4A5FC /* CopyFiles */ = {
			isa = PBXCopyFilesBuildPhase;
			buildActionMask = 2147483647;
			dstPath = /usr/share/man/man1/;
			dstSubfolderSpec = 0;
			files = (
			);
			runOnlyForDeploymentPostprocessing = 1;
		};
		4867D9B2219ABF6B00A4A5FC /* CopyFiles */ = {
			isa = PBXCopyFilesBuildPhase;
			buildActionMask = 2147483647;
			dstPath = /usr/share/man/man1/;
			dstSubfolderSpec = 0;
			files = (
			);
			runOnlyForDeploymentPostprocessing = 1;
		};
		4867D9BD219AC17800A4A5FC /* CopyFiles */ = {
			isa = PBXCopyFilesBuildPhase;
			buildActionMask = 2147483647;
			dstPath = /usr/share/man/man1/;
			dstSubfolderSpec = 0;
			files = (
			);
			runOnlyForDeploymentPostprocessing = 1;
		};
		4867D9C8219B281100A4A5FC /* CopyFiles */ = {
			isa = PBXCopyFilesBuildPhase;
			buildActionMask = 2147483647;
			dstPath = /usr/share/man/man1/;
			dstSubfolderSpec = 0;
			files = (
			);
			runOnlyForDeploymentPostprocessing = 1;
		};
		4867D9D3219BFE2C00A4A5FC /* CopyFiles */ = {
			isa = PBXCopyFilesBuildPhase;
			buildActionMask = 2147483647;
			dstPath = /usr/share/man/man1/;
			dstSubfolderSpec = 0;
			files = (
			);
			runOnlyForDeploymentPostprocessing = 1;
		};
		4867D9DF219E67EB00A4A5FC /* CopyFiles */ = {
			isa = PBXCopyFilesBuildPhase;
			buildActionMask = 2147483647;
			dstPath = /usr/share/man/man1/;
			dstSubfolderSpec = 0;
			files = (
			);
			runOnlyForDeploymentPostprocessing = 1;
		};
		4867D9EC219E890400A4A5FC /* CopyFiles */ = {
			isa = PBXCopyFilesBuildPhase;
			buildActionMask = 2147483647;
			dstPath = /usr/share/man/man1/;
			dstSubfolderSpec = 0;
			files = (
			);
			runOnlyForDeploymentPostprocessing = 1;
		};
		48694B18219744D400896589 /* CopyFiles */ = {
			isa = PBXCopyFilesBuildPhase;
			buildActionMask = 2147483647;
			dstPath = /usr/share/man/man1/;
			dstSubfolderSpec = 0;
			files = (
			);
			runOnlyForDeploymentPostprocessing = 1;
		};
		486E8936218F187B00C8BC5E /* CopyFiles */ = {
			isa = PBXCopyFilesBuildPhase;
			buildActionMask = 2147483647;
			dstPath = /usr/share/man/man1/;
			dstSubfolderSpec = 0;
			files = (
			);
			runOnlyForDeploymentPostprocessing = 1;
		};
		486E8944218F18B200C8BC5E /* CopyFiles */ = {
			isa = PBXCopyFilesBuildPhase;
			buildActionMask = 2147483647;
			dstPath = /usr/share/man/man1/;
			dstSubfolderSpec = 0;
			files = (
			);
			runOnlyForDeploymentPostprocessing = 1;
		};
		486E894F218F192B00C8BC5E /* CopyFiles */ = {
			isa = PBXCopyFilesBuildPhase;
			buildActionMask = 2147483647;
			dstPath = /usr/share/man/man1/;
			dstSubfolderSpec = 0;
			files = (
			);
			runOnlyForDeploymentPostprocessing = 1;
		};
		486E895A218F19A200C8BC5E /* CopyFiles */ = {
			isa = PBXCopyFilesBuildPhase;
			buildActionMask = 2147483647;
			dstPath = /usr/share/man/man1/;
			dstSubfolderSpec = 0;
			files = (
			);
			runOnlyForDeploymentPostprocessing = 1;
		};
		486E8965218F1AAC00C8BC5E /* CopyFiles */ = {
			isa = PBXCopyFilesBuildPhase;
			buildActionMask = 2147483647;
			dstPath = /usr/share/man/man1/;
			dstSubfolderSpec = 0;
			files = (
			);
			runOnlyForDeploymentPostprocessing = 1;
		};
		486E8970218F1B0200C8BC5E /* CopyFiles */ = {
			isa = PBXCopyFilesBuildPhase;
			buildActionMask = 2147483647;
			dstPath = /usr/share/man/man1/;
			dstSubfolderSpec = 0;
			files = (
			);
			runOnlyForDeploymentPostprocessing = 1;
		};
		486E897B218F1B6A00C8BC5E /* CopyFiles */ = {
			isa = PBXCopyFilesBuildPhase;
			buildActionMask = 2147483647;
			dstPath = /usr/share/man/man1/;
			dstSubfolderSpec = 0;
			files = (
			);
			runOnlyForDeploymentPostprocessing = 1;
		};
		486E8986218F1B9600C8BC5E /* CopyFiles */ = {
			isa = PBXCopyFilesBuildPhase;
			buildActionMask = 2147483647;
			dstPath = /usr/share/man/man1/;
			dstSubfolderSpec = 0;
			files = (
			);
			runOnlyForDeploymentPostprocessing = 1;
		};
		486E8991218F1BD000C8BC5E /* CopyFiles */ = {
			isa = PBXCopyFilesBuildPhase;
			buildActionMask = 2147483647;
			dstPath = /usr/share/man/man1/;
			dstSubfolderSpec = 0;
			files = (
			);
			runOnlyForDeploymentPostprocessing = 1;
		};
		486E899C218F1C0700C8BC5E /* CopyFiles */ = {
			isa = PBXCopyFilesBuildPhase;
			buildActionMask = 2147483647;
			dstPath = /usr/share/man/man1/;
			dstSubfolderSpec = 0;
			files = (
			);
			runOnlyForDeploymentPostprocessing = 1;
		};
		4884C7C8219172AB007550D0 /* CopyFiles */ = {
			isa = PBXCopyFilesBuildPhase;
			buildActionMask = 2147483647;
			dstPath = /usr/share/man/man1/;
			dstSubfolderSpec = 0;
			files = (
			);
			runOnlyForDeploymentPostprocessing = 1;
		};
		4884C7D321930F1C007550D0 /* CopyFiles */ = {
			isa = PBXCopyFilesBuildPhase;
			buildActionMask = 2147483647;
			dstPath = /usr/share/man/man1/;
			dstSubfolderSpec = 0;
			files = (
			);
			runOnlyForDeploymentPostprocessing = 1;
		};
		48BB53DA21981683000F5C3C /* CopyFiles */ = {
			isa = PBXCopyFilesBuildPhase;
			buildActionMask = 2147483647;
			dstPath = /usr/share/man/man1/;
			dstSubfolderSpec = 0;
			files = (
			);
			runOnlyForDeploymentPostprocessing = 1;
		};
		48DB318221999EA800A38B7A /* CopyFiles */ = {
			isa = PBXCopyFilesBuildPhase;
			buildActionMask = 2147483647;
			dstPath = /usr/share/man/man1/;
			dstSubfolderSpec = 0;
			files = (
			);
			runOnlyForDeploymentPostprocessing = 1;
		};
/* End PBXCopyFilesBuildPhase section */

/* Begin PBXFileReference section */
		4808C2D9219ED32700B0DE8A /* rapid_product */ = {isa = PBXFileReference; explicitFileType = "compiled.mach-o.executable"; includeInIndex = 0; path = rapid_product; sourceTree = BUILT_PRODUCTS_DIR; };
		4808C2DB219ED32800B0DE8A /* main.cpp */ = {isa = PBXFileReference; lastKnownFileType = sourcecode.cpp.cpp; path = main.cpp; sourceTree = "<group>"; };
		4808C2E7219F28CB00B0DE8A /* slow_multiplication_by_using_addition */ = {isa = PBXFileReference; explicitFileType = "compiled.mach-o.executable"; includeInIndex = 0; path = slow_multiplication_by_using_addition; sourceTree = BUILT_PRODUCTS_DIR; };
		4808C2E9219F28CB00B0DE8A /* main.cpp */ = {isa = PBXFileReference; lastKnownFileType = sourcecode.cpp.cpp; path = main.cpp; sourceTree = "<group>"; };
		4824AD9B219E98F700104D8A /* integer_addition_vector_ver */ = {isa = PBXFileReference; explicitFileType = "compiled.mach-o.executable"; includeInIndex = 0; path = integer_addition_vector_ver; sourceTree = BUILT_PRODUCTS_DIR; };
		4824AD9D219E98F700104D8A /* main.cpp */ = {isa = PBXFileReference; lastKnownFileType = sourcecode.cpp.cpp; path = main.cpp; sourceTree = "<group>"; };
		48574230219430C2006151BF /* who take my clay */ = {isa = PBXFileReference; explicitFileType = "compiled.mach-o.executable"; includeInIndex = 0; path = "who take my clay"; sourceTree = BUILT_PRODUCTS_DIR; };
		48574232219430C2006151BF /* main.cpp */ = {isa = PBXFileReference; lastKnownFileType = sourcecode.cpp.cpp; path = main.cpp; sourceTree = "<group>"; };
		4857423B219467D8006151BF /* bitwise operation practice */ = {isa = PBXFileReference; explicitFileType = "compiled.mach-o.executable"; includeInIndex = 0; path = "bitwise operation practice"; sourceTree = BUILT_PRODUCTS_DIR; };
		4857423D219467D8006151BF /* main.cpp */ = {isa = PBXFileReference; lastKnownFileType = sourcecode.cpp.cpp; path = main.cpp; sourceTree = "<group>"; };
		48574249219563CF006151BF /* vector_practice_2.cpp */ = {isa = PBXFileReference; lastKnownFileType = sourcecode.cpp.cpp; path = vector_practice_2.cpp; sourceTree = "<group>"; };
		4867D99D2199ECDE00A4A5FC /* fibonacci_3 */ = {isa = PBXFileReference; explicitFileType = "compiled.mach-o.executable"; includeInIndex = 0; path = fibonacci_3; sourceTree = BUILT_PRODUCTS_DIR; };
		4867D99F2199ECDE00A4A5FC /* main.cpp */ = {isa = PBXFileReference; lastKnownFileType = sourcecode.cpp.cpp; path = main.cpp; sourceTree = "<group>"; };
		4867D9A9219AA25A00A4A5FC /* find_square_root */ = {isa = PBXFileReference; explicitFileType = "compiled.mach-o.executable"; includeInIndex = 0; path = find_square_root; sourceTree = BUILT_PRODUCTS_DIR; };
		4867D9AB219AA25A00A4A5FC /* main.cpp */ = {isa = PBXFileReference; lastKnownFileType = sourcecode.cpp.cpp; path = main.cpp; sourceTree = "<group>"; };
		4867D9B4219ABF6B00A4A5FC /* jumping_in_array */ = {isa = PBXFileReference; explicitFileType = "compiled.mach-o.executable"; includeInIndex = 0; path = jumping_in_array; sourceTree = BUILT_PRODUCTS_DIR; };
		4867D9B6219ABF6B00A4A5FC /* main.cpp */ = {isa = PBXFileReference; lastKnownFileType = sourcecode.cpp.cpp; path = main.cpp; sourceTree = "<group>"; };
		4867D9BF219AC17800A4A5FC /* template_practice_1 */ = {isa = PBXFileReference; explicitFileType = "compiled.mach-o.executable"; includeInIndex = 0; path = template_practice_1; sourceTree = BUILT_PRODUCTS_DIR; };
		4867D9C1219AC17800A4A5FC /* main.cpp */ = {isa = PBXFileReference; lastKnownFileType = sourcecode.cpp.cpp; path = main.cpp; sourceTree = "<group>"; };
		4867D9CA219B281100A4A5FC /* digit_sum_to_pinyin_pat_1002 */ = {isa = PBXFileReference; explicitFileType = "compiled.mach-o.executable"; includeInIndex = 0; path = digit_sum_to_pinyin_pat_1002; sourceTree = BUILT_PRODUCTS_DIR; };
		4867D9CC219B281100A4A5FC /* main.cpp */ = {isa = PBXFileReference; lastKnownFileType = sourcecode.cpp.cpp; path = main.cpp; sourceTree = "<group>"; };
		4867D9D5219BFE2C00A4A5FC /* a_vector_simulation */ = {isa = PBXFileReference; explicitFileType = "compiled.mach-o.executable"; includeInIndex = 0; path = a_vector_simulation; sourceTree = BUILT_PRODUCTS_DIR; };
		4867D9E1219E67EB00A4A5FC /* add one to the number */ = {isa = PBXFileReference; explicitFileType = "compiled.mach-o.executable"; includeInIndex = 0; path = "add one to the number"; sourceTree = BUILT_PRODUCTS_DIR; };
		4867D9E3219E67EB00A4A5FC /* main.cpp */ = {isa = PBXFileReference; lastKnownFileType = sourcecode.cpp.cpp; path = main.cpp; sourceTree = "<group>"; };
		4867D9EE219E890400A4A5FC /* testing_ground */ = {isa = PBXFileReference; explicitFileType = "compiled.mach-o.executable"; includeInIndex = 0; path = testing_ground; sourceTree = BUILT_PRODUCTS_DIR; };
		4867D9F0219E890400A4A5FC /* main.cpp */ = {isa = PBXFileReference; lastKnownFileType = sourcecode.cpp.cpp; path = main.cpp; sourceTree = "<group>"; };
		48694B1A219744D400896589 /* testing_target */ = {isa = PBXFileReference; explicitFileType = "compiled.mach-o.executable"; includeInIndex = 0; path = testing_target; sourceTree = BUILT_PRODUCTS_DIR; };
		48694B1C219744D400896589 /* main.cpp */ = {isa = PBXFileReference; lastKnownFileType = sourcecode.cpp.cpp; path = main.cpp; sourceTree = "<group>"; };
		486E8938218F187B00C8BC5E /* my_cpp_practice */ = {isa = PBXFileReference; explicitFileType = "compiled.mach-o.executable"; includeInIndex = 0; path = my_cpp_practice; sourceTree = BUILT_PRODUCTS_DIR; };
		486E8946218F18B200C8BC5E /* addition_by_string */ = {isa = PBXFileReference; explicitFileType = "compiled.mach-o.executable"; includeInIndex = 0; path = addition_by_string; sourceTree = BUILT_PRODUCTS_DIR; };
		486E8948218F18B200C8BC5E /* main.cpp */ = {isa = PBXFileReference; lastKnownFileType = sourcecode.cpp.cpp; path = main.cpp; sourceTree = "<group>"; };
		486E8951218F192B00C8BC5E /* Bisection method (For linear) */ = {isa = PBXFileReference; explicitFileType = "compiled.mach-o.executable"; includeInIndex = 0; path = "Bisection method (For linear)"; sourceTree = BUILT_PRODUCTS_DIR; };
		486E8953218F192B00C8BC5E /* main.cpp */ = {isa = PBXFileReference; lastKnownFileType = sourcecode.cpp.cpp; path = main.cpp; sourceTree = "<group>"; };
		486E895C218F19A200C8BC5E /* Palindrome string */ = {isa = PBXFileReference; explicitFileType = "compiled.mach-o.executable"; includeInIndex = 0; path = "Palindrome string"; sourceTree = BUILT_PRODUCTS_DIR; };
		486E895E218F19A200C8BC5E /* main.cpp */ = {isa = PBXFileReference; lastKnownFileType = sourcecode.cpp.cpp; path = main.cpp; sourceTree = "<group>"; };
		486E8967218F1AAC00C8BC5E /* Faster fibonacci by using array */ = {isa = PBXFileReference; explicitFileType = "compiled.mach-o.executable"; includeInIndex = 0; path = "Faster fibonacci by using array"; sourceTree = BUILT_PRODUCTS_DIR; };
		486E8969218F1AAC00C8BC5E /* main.cpp */ = {isa = PBXFileReference; lastKnownFileType = sourcecode.cpp.cpp; path = main.cpp; sourceTree = "<group>"; };
		486E8972218F1B0200C8BC5E /* Find the number of palindrome substring */ = {isa = PBXFileReference; explicitFileType = "compiled.mach-o.executable"; includeInIndex = 0; path = "Find the number of palindrome substring"; sourceTree = BUILT_PRODUCTS_DIR; };
		486E8974218F1B0200C8BC5E /* main.cpp */ = {isa = PBXFileReference; lastKnownFileType = sourcecode.cpp.cpp; path = main.cpp; sourceTree = "<group>"; };
		486E897D218F1B6A00C8BC5E /* Last three number */ = {isa = PBXFileReference; explicitFileType = "compiled.mach-o.executable"; includeInIndex = 0; path = "Last three number"; sourceTree = BUILT_PRODUCTS_DIR; };
		486E897F218F1B6A00C8BC5E /* main.cpp */ = {isa = PBXFileReference; lastKnownFileType = sourcecode.cpp.cpp; path = main.cpp; sourceTree = "<group>"; };
		486E8988218F1B9600C8BC5E /* Print numerical trapezium */ = {isa = PBXFileReference; explicitFileType = "compiled.mach-o.executable"; includeInIndex = 0; path = "Print numerical trapezium"; sourceTree = BUILT_PRODUCTS_DIR; };
		486E898A218F1B9600C8BC5E /* main.cpp */ = {isa = PBXFileReference; lastKnownFileType = sourcecode.cpp.cpp; path = main.cpp; sourceTree = "<group>"; };
		486E8993218F1BD000C8BC5E /* Reverse a matrix */ = {isa = PBXFileReference; explicitFileType = "compiled.mach-o.executable"; includeInIndex = 0; path = "Reverse a matrix"; sourceTree = BUILT_PRODUCTS_DIR; };
		486E8995218F1BD000C8BC5E /* main.cpp */ = {isa = PBXFileReference; lastKnownFileType = sourcecode.cpp.cpp; path = main.cpp; sourceTree = "<group>"; };
		486E899E218F1C0700C8BC5E /* who_got_the_biggest_number */ = {isa = PBXFileReference; explicitFileType = "compiled.mach-o.executable"; includeInIndex = 0; path = who_got_the_biggest_number; sourceTree = BUILT_PRODUCTS_DIR; };
		486E89A0218F1C0700C8BC5E /* main.cpp */ = {isa = PBXFileReference; lastKnownFileType = sourcecode.cpp.cpp; path = main.cpp; sourceTree = "<group>"; };
		4884C7CA219172AB007550D0 /* wing of liberty - starcraft */ = {isa = PBXFileReference; explicitFileType = "compiled.mach-o.executable"; includeInIndex = 0; path = "wing of liberty - starcraft"; sourceTree = BUILT_PRODUCTS_DIR; };
		4884C7CC219172AB007550D0 /* main.cpp */ = {isa = PBXFileReference; lastKnownFileType = sourcecode.cpp.cpp; path = main.cpp; sourceTree = "<group>"; };
		4884C7D521930F1C007550D0 /* vector practice */ = {isa = PBXFileReference; explicitFileType = "compiled.mach-o.executable"; includeInIndex = 0; path = "vector practice"; sourceTree = BUILT_PRODUCTS_DIR; };
		4884C7D721930F1C007550D0 /* vector_practice_1.cpp */ = {isa = PBXFileReference; lastKnownFileType = sourcecode.cpp.cpp; path = vector_practice_1.cpp; sourceTree = "<group>"; };
		48BB53DC21981683000F5C3C /* roman_to_decimal */ = {isa = PBXFileReference; explicitFileType = "compiled.mach-o.executable"; includeInIndex = 0; path = roman_to_decimal; sourceTree = BUILT_PRODUCTS_DIR; };
		48BB53DE21981683000F5C3C /* main.cpp */ = {isa = PBXFileReference; lastKnownFileType = sourcecode.cpp.cpp; path = main.cpp; sourceTree = "<group>"; };
		48DB318421999EA800A38B7A /* find_element_with_no_repetion */ = {isa = PBXFileReference; explicitFileType = "compiled.mach-o.executable"; includeInIndex = 0; path = find_element_with_no_repetion; sourceTree = BUILT_PRODUCTS_DIR; };
		48DB318621999EA800A38B7A /* main.cpp */ = {isa = PBXFileReference; lastKnownFileType = sourcecode.cpp.cpp; path = main.cpp; sourceTree = "<group>"; };
/* End PBXFileReference section */

/* Begin PBXFrameworksBuildPhase section */
		4808C2D6219ED32700B0DE8A /* Frameworks */ = {
			isa = PBXFrameworksBuildPhase;
			buildActionMask = 2147483647;
			files = (
			);
			runOnlyForDeploymentPostprocessing = 0;
		};
		4808C2E4219F28CB00B0DE8A /* Frameworks */ = {
			isa = PBXFrameworksBuildPhase;
			buildActionMask = 2147483647;
			files = (
			);
			runOnlyForDeploymentPostprocessing = 0;
		};
		4824AD98219E98F700104D8A /* Frameworks */ = {
			isa = PBXFrameworksBuildPhase;
			buildActionMask = 2147483647;
			files = (
			);
			runOnlyForDeploymentPostprocessing = 0;
		};
		4857422D219430C2006151BF /* Frameworks */ = {
			isa = PBXFrameworksBuildPhase;
			buildActionMask = 2147483647;
			files = (
			);
			runOnlyForDeploymentPostprocessing = 0;
		};
		48574238219467D8006151BF /* Frameworks */ = {
			isa = PBXFrameworksBuildPhase;
			buildActionMask = 2147483647;
			files = (
			);
			runOnlyForDeploymentPostprocessing = 0;
		};
		4867D99A2199ECDE00A4A5FC /* Frameworks */ = {
			isa = PBXFrameworksBuildPhase;
			buildActionMask = 2147483647;
			files = (
			);
			runOnlyForDeploymentPostprocessing = 0;
		};
		4867D9A6219AA25A00A4A5FC /* Frameworks */ = {
			isa = PBXFrameworksBuildPhase;
			buildActionMask = 2147483647;
			files = (
			);
			runOnlyForDeploymentPostprocessing = 0;
		};
		4867D9B1219ABF6B00A4A5FC /* Frameworks */ = {
			isa = PBXFrameworksBuildPhase;
			buildActionMask = 2147483647;
			files = (
			);
			runOnlyForDeploymentPostprocessing = 0;
		};
		4867D9BC219AC17800A4A5FC /* Frameworks */ = {
			isa = PBXFrameworksBuildPhase;
			buildActionMask = 2147483647;
			files = (
			);
			runOnlyForDeploymentPostprocessing = 0;
		};
		4867D9C7219B281100A4A5FC /* Frameworks */ = {
			isa = PBXFrameworksBuildPhase;
			buildActionMask = 2147483647;
			files = (
			);
			runOnlyForDeploymentPostprocessing = 0;
		};
		4867D9D2219BFE2C00A4A5FC /* Frameworks */ = {
			isa = PBXFrameworksBuildPhase;
			buildActionMask = 2147483647;
			files = (
			);
			runOnlyForDeploymentPostprocessing = 0;
		};
		4867D9DE219E67EB00A4A5FC /* Frameworks */ = {
			isa = PBXFrameworksBuildPhase;
			buildActionMask = 2147483647;
			files = (
			);
			runOnlyForDeploymentPostprocessing = 0;
		};
		4867D9EB219E890400A4A5FC /* Frameworks */ = {
			isa = PBXFrameworksBuildPhase;
			buildActionMask = 2147483647;
			files = (
			);
			runOnlyForDeploymentPostprocessing = 0;
		};
		48694B17219744D400896589 /* Frameworks */ = {
			isa = PBXFrameworksBuildPhase;
			buildActionMask = 2147483647;
			files = (
			);
			runOnlyForDeploymentPostprocessing = 0;
		};
		486E8935218F187B00C8BC5E /* Frameworks */ = {
			isa = PBXFrameworksBuildPhase;
			buildActionMask = 2147483647;
			files = (
			);
			runOnlyForDeploymentPostprocessing = 0;
		};
		486E8943218F18B200C8BC5E /* Frameworks */ = {
			isa = PBXFrameworksBuildPhase;
			buildActionMask = 2147483647;
			files = (
			);
			runOnlyForDeploymentPostprocessing = 0;
		};
		486E894E218F192B00C8BC5E /* Frameworks */ = {
			isa = PBXFrameworksBuildPhase;
			buildActionMask = 2147483647;
			files = (
			);
			runOnlyForDeploymentPostprocessing = 0;
		};
		486E8959218F19A200C8BC5E /* Frameworks */ = {
			isa = PBXFrameworksBuildPhase;
			buildActionMask = 2147483647;
			files = (
			);
			runOnlyForDeploymentPostprocessing = 0;
		};
		486E8964218F1AAC00C8BC5E /* Frameworks */ = {
			isa = PBXFrameworksBuildPhase;
			buildActionMask = 2147483647;
			files = (
			);
			runOnlyForDeploymentPostprocessing = 0;
		};
		486E896F218F1B0200C8BC5E /* Frameworks */ = {
			isa = PBXFrameworksBuildPhase;
			buildActionMask = 2147483647;
			files = (
			);
			runOnlyForDeploymentPostprocessing = 0;
		};
		486E897A218F1B6A00C8BC5E /* Frameworks */ = {
			isa = PBXFrameworksBuildPhase;
			buildActionMask = 2147483647;
			files = (
			);
			runOnlyForDeploymentPostprocessing = 0;
		};
		486E8985218F1B9600C8BC5E /* Frameworks */ = {
			isa = PBXFrameworksBuildPhase;
			buildActionMask = 2147483647;
			files = (
			);
			runOnlyForDeploymentPostprocessing = 0;
		};
		486E8990218F1BD000C8BC5E /* Frameworks */ = {
			isa = PBXFrameworksBuildPhase;
			buildActionMask = 2147483647;
			files = (
			);
			runOnlyForDeploymentPostprocessing = 0;
		};
		486E899B218F1C0700C8BC5E /* Frameworks */ = {
			isa = PBXFrameworksBuildPhase;
			buildActionMask = 2147483647;
			files = (
			);
			runOnlyForDeploymentPostprocessing = 0;
		};
		4884C7C7219172AB007550D0 /* Frameworks */ = {
			isa = PBXFrameworksBuildPhase;
			buildActionMask = 2147483647;
			files = (
			);
			runOnlyForDeploymentPostprocessing = 0;
		};
		4884C7D221930F1C007550D0 /* Frameworks */ = {
			isa = PBXFrameworksBuildPhase;
			buildActionMask = 2147483647;
			files = (
			);
			runOnlyForDeploymentPostprocessing = 0;
		};
		48BB53D921981683000F5C3C /* Frameworks */ = {
			isa = PBXFrameworksBuildPhase;
			buildActionMask = 2147483647;
			files = (
			);
			runOnlyForDeploymentPostprocessing = 0;
		};
		48DB318121999EA800A38B7A /* Frameworks */ = {
			isa = PBXFrameworksBuildPhase;
			buildActionMask = 2147483647;
			files = (
			);
			runOnlyForDeploymentPostprocessing = 0;
		};
/* End PBXFrameworksBuildPhase section */

/* Begin PBXGroup section */
		4808C2DA219ED32700B0DE8A /* rapid_product */ = {
			isa = PBXGroup;
			children = (
				4808C2DB219ED32800B0DE8A /* main.cpp */,
			);
			path = rapid_product;
			sourceTree = "<group>";
		};
		4808C2E1219F271100B0DE8A /* abolished */ = {
			isa = PBXGroup;
			children = (
				4808C2DA219ED32700B0DE8A /* rapid_product */,
			);
			path = abolished;
			sourceTree = "<group>";
		};
		4808C2E8219F28CB00B0DE8A /* slow_multiplication_by_using_addition */ = {
			isa = PBXGroup;
			children = (
				4808C2E9219F28CB00B0DE8A /* main.cpp */,
			);
			path = slow_multiplication_by_using_addition;
			sourceTree = "<group>";
		};
		4824AD9C219E98F700104D8A /* integer_addition_vector_ver */ = {
			isa = PBXGroup;
			children = (
				4824AD9D219E98F700104D8A /* main.cpp */,
			);
			path = integer_addition_vector_ver;
			sourceTree = "<group>";
		};
		48574231219430C2006151BF /* who_take_my_clay */ = {
			isa = PBXGroup;
			children = (
				48574232219430C2006151BF /* main.cpp */,
			);
			path = who_take_my_clay;
			sourceTree = "<group>";
		};
		4857423C219467D8006151BF /* bitwise_operation_practice */ = {
			isa = PBXGroup;
			children = (
				4857423D219467D8006151BF /* main.cpp */,
			);
			path = bitwise_operation_practice;
			sourceTree = "<group>";
		};
		4867D9952199AA9900A4A5FC /* easy_question */ = {
			isa = PBXGroup;
			children = (
				4857423C219467D8006151BF /* bitwise_operation_practice */,
				486E8968218F1AAC00C8BC5E /* faster_fibonacci_by_using_array */,
				486E8989218F1B9600C8BC5E /* print_numerical_trapezium */,
				48574231219430C2006151BF /* who_take_my_clay */,
			);
			path = easy_question;
			sourceTree = "<group>";
		};
		4867D9962199AAE300A4A5FC /* algorithm_practice */ = {
			isa = PBXGroup;
			children = (
				4867D9AA219AA25A00A4A5FC /* find_square_root */,
				486E8952218F192B00C8BC5E /* bisection_method_for_linear */,
			);
			path = algorithm_practice;
			sourceTree = "<group>";
		};
		4867D9972199AB1800A4A5FC /* unsolved_problem */ = {
			isa = PBXGroup;
			children = (
				4867D9B5219ABF6B00A4A5FC /* jumping_in_array */,
				486E897E218F1B6A00C8BC5E /* last_three_number */,
			);
			path = unsolved_problem;
			sourceTree = "<group>";
		};
		4867D9982199ECB800A4A5FC /* array_practice */ = {
			isa = PBXGroup;
			children = (
				4867D99E2199ECDE00A4A5FC /* fibonacci_3 */,
			);
			path = array_practice;
			sourceTree = "<group>";
		};
		4867D99E2199ECDE00A4A5FC /* fibonacci_3 */ = {
			isa = PBXGroup;
			children = (
				4867D99F2199ECDE00A4A5FC /* main.cpp */,
			);
			path = fibonacci_3;
			sourceTree = "<group>";
		};
		4867D9A42199EED500A4A5FC /* template_practice */ = {
			isa = PBXGroup;
			children = (
				4867D9C0219AC17800A4A5FC /* template_practice_1 */,
			);
			path = template_practice;
			sourceTree = "<group>";
		};
		4867D9AA219AA25A00A4A5FC /* find_square_root */ = {
			isa = PBXGroup;
			children = (
				4867D9AB219AA25A00A4A5FC /* main.cpp */,
			);
			path = find_square_root;
			sourceTree = "<group>";
		};
		4867D9B5219ABF6B00A4A5FC /* jumping_in_array */ = {
			isa = PBXGroup;
			children = (
				4867D9B6219ABF6B00A4A5FC /* main.cpp */,
			);
			path = jumping_in_array;
			sourceTree = "<group>";
		};
		4867D9C0219AC17800A4A5FC /* template_practice_1 */ = {
			isa = PBXGroup;
			children = (
				4867D9C1219AC17800A4A5FC /* main.cpp */,
			);
			path = template_practice_1;
			sourceTree = "<group>";
		};
		4867D9CB219B281100A4A5FC /* digit_sum_to_pinyin_pat_1002 */ = {
			isa = PBXGroup;
			children = (
				4867D9CC219B281100A4A5FC /* main.cpp */,
			);
			path = digit_sum_to_pinyin_pat_1002;
			sourceTree = "<group>";
		};
		4867D9E2219E67EB00A4A5FC /* add_one_to_the_number */ = {
			isa = PBXGroup;
			children = (
				4824AD9C219E98F700104D8A /* integer_addition_vector_ver */,
				4867D9E3219E67EB00A4A5FC /* main.cpp */,
			);
			path = add_one_to_the_number;
			sourceTree = "<group>";
		};
		4867D9E8219E67FE00A4A5FC /* vector_practice */ = {
			isa = PBXGroup;
			children = (
				4884C7D721930F1C007550D0 /* vector_practice_1.cpp */,
				48574249219563CF006151BF /* vector_practice_2.cpp */,
			);
			path = vector_practice;
			sourceTree = "<group>";
		};
		4867D9EF219E890400A4A5FC /* testing_ground */ = {
			isa = PBXGroup;
			children = (
				4867D9F0219E890400A4A5FC /* main.cpp */,
			);
			path = testing_ground;
			sourceTree = "<group>";
		};
		48694B14219743EC00896589 /* string_practice */ = {
			isa = PBXGroup;
			children = (
				4867D9CB219B281100A4A5FC /* digit_sum_to_pinyin_pat_1002 */,
				486E8973218F1B0200C8BC5E /* find_the_number_of_palindrome_substring */,
				486E8947218F18B200C8BC5E /* addition_by_string */,
				48BB53DD21981683000F5C3C /* roman_to_decimal */,
				48694B1B219744D400896589 /* demical_to_roman */,
			);
			path = string_practice;
			sourceTree = "<group>";
		};
		48694B1B219744D400896589 /* demical_to_roman */ = {
			isa = PBXGroup;
			children = (
				48694B1C219744D400896589 /* main.cpp */,
			);
			path = demical_to_roman;
			sourceTree = "<group>";
		};
		486E892F218F187B00C8BC5E = {
			isa = PBXGroup;
			children = (
				4808C2E1219F271100B0DE8A /* abolished */,
				4867D9A42199EED500A4A5FC /* template_practice */,
				4867D9982199ECB800A4A5FC /* array_practice */,
				4867D9972199AB1800A4A5FC /* unsolved_problem */,
				4867D9962199AAE300A4A5FC /* algorithm_practice */,
				4867D9952199AA9900A4A5FC /* easy_question */,
				48DB317F21999E5800A38B7A /* algorithm_library_practice */,
				48694B14219743EC00896589 /* string_practice */,
				4884C7D621930F1C007550D0 /* vector_practice */,
				486E8939218F187B00C8BC5E /* products */,
				4867D9EF219E890400A4A5FC /* testing_ground */,
			);
			sourceTree = "<group>";
		};
		486E8939218F187B00C8BC5E /* products */ = {
			isa = PBXGroup;
			children = (
				486E8938218F187B00C8BC5E /* my_cpp_practice */,
				486E8946218F18B200C8BC5E /* addition_by_string */,
				486E8951218F192B00C8BC5E /* Bisection method (For linear) */,
				486E895C218F19A200C8BC5E /* Palindrome string */,
				486E8967218F1AAC00C8BC5E /* Faster fibonacci by using array */,
				486E8972218F1B0200C8BC5E /* Find the number of palindrome substring */,
				486E897D218F1B6A00C8BC5E /* Last three number */,
				486E8988218F1B9600C8BC5E /* Print numerical trapezium */,
				486E8993218F1BD000C8BC5E /* Reverse a matrix */,
				486E899E218F1C0700C8BC5E /* who_got_the_biggest_number */,
				4884C7CA219172AB007550D0 /* wing of liberty - starcraft */,
				4884C7D521930F1C007550D0 /* vector practice */,
				48574230219430C2006151BF /* who take my clay */,
				4857423B219467D8006151BF /* bitwise operation practice */,
				48694B1A219744D400896589 /* testing_target */,
				48BB53DC21981683000F5C3C /* roman_to_decimal */,
				48DB318421999EA800A38B7A /* find_element_with_no_repetion */,
				4867D99D2199ECDE00A4A5FC /* fibonacci_3 */,
				4867D9A9219AA25A00A4A5FC /* find_square_root */,
				4867D9B4219ABF6B00A4A5FC /* jumping_in_array */,
				4867D9BF219AC17800A4A5FC /* template_practice_1 */,
				4867D9CA219B281100A4A5FC /* digit_sum_to_pinyin_pat_1002 */,
				4867D9D5219BFE2C00A4A5FC /* a_vector_simulation */,
				4867D9E1219E67EB00A4A5FC /* add one to the number */,
				4867D9EE219E890400A4A5FC /* testing_ground */,
				4824AD9B219E98F700104D8A /* integer_addition_vector_ver */,
				4808C2D9219ED32700B0DE8A /* rapid_product */,
				4808C2E7219F28CB00B0DE8A /* slow_multiplication_by_using_addition */,
			);
			name = products;
			sourceTree = "<group>";
		};
		486E8947218F18B200C8BC5E /* addition_by_string */ = {
			isa = PBXGroup;
			children = (
				486E8948218F18B200C8BC5E /* main.cpp */,
			);
			path = addition_by_string;
			sourceTree = "<group>";
		};
		486E8952218F192B00C8BC5E /* bisection_method_for_linear */ = {
			isa = PBXGroup;
			children = (
				486E8953218F192B00C8BC5E /* main.cpp */,
			);
			path = bisection_method_for_linear;
			sourceTree = "<group>";
		};
		486E895D218F19A200C8BC5E /* palindrome_string */ = {
			isa = PBXGroup;
			children = (
				486E895E218F19A200C8BC5E /* main.cpp */,
			);
			path = palindrome_string;
			sourceTree = "<group>";
		};
		486E8968218F1AAC00C8BC5E /* faster_fibonacci_by_using_array */ = {
			isa = PBXGroup;
			children = (
				486E8969218F1AAC00C8BC5E /* main.cpp */,
			);
			path = faster_fibonacci_by_using_array;
			sourceTree = "<group>";
		};
		486E8973218F1B0200C8BC5E /* find_the_number_of_palindrome_substring */ = {
			isa = PBXGroup;
			children = (
				486E8974218F1B0200C8BC5E /* main.cpp */,
			);
			path = find_the_number_of_palindrome_substring;
			sourceTree = "<group>";
		};
		486E897E218F1B6A00C8BC5E /* last_three_number */ = {
			isa = PBXGroup;
			children = (
				486E897F218F1B6A00C8BC5E /* main.cpp */,
			);
			path = last_three_number;
			sourceTree = "<group>";
		};
		486E8989218F1B9600C8BC5E /* print_numerical_trapezium */ = {
			isa = PBXGroup;
			children = (
				486E898A218F1B9600C8BC5E /* main.cpp */,
			);
			path = print_numerical_trapezium;
			sourceTree = "<group>";
		};
		486E8994218F1BD000C8BC5E /* reverse_a_matrix */ = {
			isa = PBXGroup;
			children = (
				486E8995218F1BD000C8BC5E /* main.cpp */,
			);
			path = reverse_a_matrix;
			sourceTree = "<group>";
		};
		486E899F218F1C0700C8BC5E /* who_got_the_biggest_number */ = {
			isa = PBXGroup;
			children = (
				486E89A0218F1C0700C8BC5E /* main.cpp */,
			);
			path = who_got_the_biggest_number;
			sourceTree = "<group>";
		};
		4884C7CB219172AB007550D0 /* wing_of_liberty_starcraft */ = {
			isa = PBXGroup;
			children = (
				4884C7CC219172AB007550D0 /* main.cpp */,
			);
			path = wing_of_liberty_starcraft;
			sourceTree = "<group>";
		};
		4884C7D621930F1C007550D0 /* vector_practice */ = {
			isa = PBXGroup;
			children = (
				4808C2E8219F28CB00B0DE8A /* slow_multiplication_by_using_addition */,
				4867D9E8219E67FE00A4A5FC /* vector_practice */,
				4867D9E2219E67EB00A4A5FC /* add_one_to_the_number */,
			);
			path = vector_practice;
			sourceTree = "<group>";
		};
		48BB53DD21981683000F5C3C /* roman_to_decimal */ = {
			isa = PBXGroup;
			children = (
				48BB53DE21981683000F5C3C /* main.cpp */,
			);
			path = roman_to_decimal;
			sourceTree = "<group>";
		};
		48DB317F21999E5800A38B7A /* algorithm_library_practice */ = {
			isa = PBXGroup;
			children = (
				486E8994218F1BD000C8BC5E /* reverse_a_matrix */,
				4884C7CB219172AB007550D0 /* wing_of_liberty_starcraft */,
				486E899F218F1C0700C8BC5E /* who_got_the_biggest_number */,
				486E895D218F19A200C8BC5E /* palindrome_string */,
				48DB318521999EA800A38B7A /* find_element_with_no_repetion */,
			);
			path = algorithm_library_practice;
			sourceTree = "<group>";
		};
		48DB318521999EA800A38B7A /* find_element_with_no_repetion */ = {
			isa = PBXGroup;
			children = (
				48DB318621999EA800A38B7A /* main.cpp */,
			);
			path = find_element_with_no_repetion;
			sourceTree = "<group>";
		};
/* End PBXGroup section */

/* Begin PBXNativeTarget section */
		4808C2D8219ED32700B0DE8A /* rapid_product */ = {
			isa = PBXNativeTarget;
			buildConfigurationList = 4808C2DF219ED32800B0DE8A /* Build configuration list for PBXNativeTarget "rapid_product" */;
			buildPhases = (
				4808C2D5219ED32700B0DE8A /* Sources */,
				4808C2D6219ED32700B0DE8A /* Frameworks */,
				4808C2D7219ED32700B0DE8A /* CopyFiles */,
			);
			buildRules = (
			);
			dependencies = (
			);
			name = rapid_product;
			productName = rapid_product;
			productReference = 4808C2D9219ED32700B0DE8A /* rapid_product */;
			productType = "com.apple.product-type.tool";
		};
		4808C2E6219F28CB00B0DE8A /* slow_multiplication_by_using_addition */ = {
			isa = PBXNativeTarget;
			buildConfigurationList = 4808C2EB219F28CB00B0DE8A /* Build configuration list for PBXNativeTarget "slow_multiplication_by_using_addition" */;
			buildPhases = (
				4808C2E3219F28CB00B0DE8A /* Sources */,
				4808C2E4219F28CB00B0DE8A /* Frameworks */,
				4808C2E5219F28CB00B0DE8A /* CopyFiles */,
			);
			buildRules = (
			);
			dependencies = (
			);
			name = slow_multiplication_by_using_addition;
			productName = slow_multiplication_by_using_addition;
			productReference = 4808C2E7219F28CB00B0DE8A /* slow_multiplication_by_using_addition */;
			productType = "com.apple.product-type.tool";
		};
		4824AD9A219E98F700104D8A /* integer_addition_vector_ver */ = {
			isa = PBXNativeTarget;
			buildConfigurationList = 4824ADA1219E98F700104D8A /* Build configuration list for PBXNativeTarget "integer_addition_vector_ver" */;
			buildPhases = (
				4824AD97219E98F700104D8A /* Sources */,
				4824AD98219E98F700104D8A /* Frameworks */,
				4824AD99219E98F700104D8A /* CopyFiles */,
			);
			buildRules = (
			);
			dependencies = (
			);
			name = integer_addition_vector_ver;
			productName = integer_addition_vector_ver;
			productReference = 4824AD9B219E98F700104D8A /* integer_addition_vector_ver */;
			productType = "com.apple.product-type.tool";
		};
		4857422F219430C2006151BF /* who take my clay */ = {
			isa = PBXNativeTarget;
			buildConfigurationList = 48574236219430C2006151BF /* Build configuration list for PBXNativeTarget "who take my clay" */;
			buildPhases = (
				4857422C219430C2006151BF /* Sources */,
				4857422D219430C2006151BF /* Frameworks */,
				4857422E219430C2006151BF /* CopyFiles */,
			);
			buildRules = (
			);
			dependencies = (
			);
			name = "who take my clay";
			productName = "who take my clay";
			productReference = 48574230219430C2006151BF /* who take my clay */;
			productType = "com.apple.product-type.tool";
		};
		4857423A219467D8006151BF /* bitwise operation practice */ = {
			isa = PBXNativeTarget;
			buildConfigurationList = 4857423F219467D8006151BF /* Build configuration list for PBXNativeTarget "bitwise operation practice" */;
			buildPhases = (
				48574237219467D8006151BF /* Sources */,
				48574238219467D8006151BF /* Frameworks */,
				48574239219467D8006151BF /* CopyFiles */,
			);
			buildRules = (
			);
			dependencies = (
			);
			name = "bitwise operation practice";
			productName = "bitwise operation practice";
			productReference = 4857423B219467D8006151BF /* bitwise operation practice */;
			productType = "com.apple.product-type.tool";
		};
		4867D99C2199ECDE00A4A5FC /* fibonacci_3 */ = {
			isa = PBXNativeTarget;
			buildConfigurationList = 4867D9A12199ECDE00A4A5FC /* Build configuration list for PBXNativeTarget "fibonacci_3" */;
			buildPhases = (
				4867D9992199ECDE00A4A5FC /* Sources */,
				4867D99A2199ECDE00A4A5FC /* Frameworks */,
				4867D99B2199ECDE00A4A5FC /* CopyFiles */,
			);
			buildRules = (
			);
			dependencies = (
			);
			name = fibonacci_3;
			productName = fibonacci_3;
			productReference = 4867D99D2199ECDE00A4A5FC /* fibonacci_3 */;
			productType = "com.apple.product-type.tool";
		};
		4867D9A8219AA25A00A4A5FC /* find_square_root */ = {
			isa = PBXNativeTarget;
			buildConfigurationList = 4867D9AD219AA25A00A4A5FC /* Build configuration list for PBXNativeTarget "find_square_root" */;
			buildPhases = (
				4867D9A5219AA25A00A4A5FC /* Sources */,
				4867D9A6219AA25A00A4A5FC /* Frameworks */,
				4867D9A7219AA25A00A4A5FC /* CopyFiles */,
			);
			buildRules = (
			);
			dependencies = (
			);
			name = find_square_root;
			productName = find_square_root;
			productReference = 4867D9A9219AA25A00A4A5FC /* find_square_root */;
			productType = "com.apple.product-type.tool";
		};
		4867D9B3219ABF6B00A4A5FC /* jumping_in_array */ = {
			isa = PBXNativeTarget;
			buildConfigurationList = 4867D9B8219ABF6B00A4A5FC /* Build configuration list for PBXNativeTarget "jumping_in_array" */;
			buildPhases = (
				4867D9B0219ABF6B00A4A5FC /* Sources */,
				4867D9B1219ABF6B00A4A5FC /* Frameworks */,
				4867D9B2219ABF6B00A4A5FC /* CopyFiles */,
			);
			buildRules = (
			);
			dependencies = (
			);
			name = jumping_in_array;
			productName = jumping_in_array;
			productReference = 4867D9B4219ABF6B00A4A5FC /* jumping_in_array */;
			productType = "com.apple.product-type.tool";
		};
		4867D9BE219AC17800A4A5FC /* template_practice_1 */ = {
			isa = PBXNativeTarget;
			buildConfigurationList = 4867D9C3219AC17800A4A5FC /* Build configuration list for PBXNativeTarget "template_practice_1" */;
			buildPhases = (
				4867D9BB219AC17800A4A5FC /* Sources */,
				4867D9BC219AC17800A4A5FC /* Frameworks */,
				4867D9BD219AC17800A4A5FC /* CopyFiles */,
			);
			buildRules = (
			);
			dependencies = (
			);
			name = template_practice_1;
			productName = template_practice_1;
			productReference = 4867D9BF219AC17800A4A5FC /* template_practice_1 */;
			productType = "com.apple.product-type.tool";
		};
		4867D9C9219B281100A4A5FC /* digit_sum_to_pinyin_pat_1002 */ = {
			isa = PBXNativeTarget;
			buildConfigurationList = 4867D9CE219B281100A4A5FC /* Build configuration list for PBXNativeTarget "digit_sum_to_pinyin_pat_1002" */;
			buildPhases = (
				4867D9C6219B281100A4A5FC /* Sources */,
				4867D9C7219B281100A4A5FC /* Frameworks */,
				4867D9C8219B281100A4A5FC /* CopyFiles */,
			);
			buildRules = (
			);
			dependencies = (
			);
			name = digit_sum_to_pinyin_pat_1002;
			productName = digit_sum_to_pinyin_pat_1002;
			productReference = 4867D9CA219B281100A4A5FC /* digit_sum_to_pinyin_pat_1002 */;
			productType = "com.apple.product-type.tool";
		};
		4867D9D4219BFE2C00A4A5FC /* a_vector_simulation */ = {
			isa = PBXNativeTarget;
			buildConfigurationList = 4867D9D9219BFE2C00A4A5FC /* Build configuration list for PBXNativeTarget "a_vector_simulation" */;
			buildPhases = (
				4867D9D1219BFE2C00A4A5FC /* Sources */,
				4867D9D2219BFE2C00A4A5FC /* Frameworks */,
				4867D9D3219BFE2C00A4A5FC /* CopyFiles */,
			);
			buildRules = (
			);
			dependencies = (
			);
			name = a_vector_simulation;
			productName = a_vector_simulation;
			productReference = 4867D9D5219BFE2C00A4A5FC /* a_vector_simulation */;
			productType = "com.apple.product-type.tool";
		};
		4867D9E0219E67EB00A4A5FC /* add one to the number */ = {
			isa = PBXNativeTarget;
			buildConfigurationList = 4867D9E5219E67EB00A4A5FC /* Build configuration list for PBXNativeTarget "add one to the number" */;
			buildPhases = (
				4867D9DD219E67EB00A4A5FC /* Sources */,
				4867D9DE219E67EB00A4A5FC /* Frameworks */,
				4867D9DF219E67EB00A4A5FC /* CopyFiles */,
			);
			buildRules = (
			);
			dependencies = (
			);
			name = "add one to the number";
			productName = "add one to the number";
			productReference = 4867D9E1219E67EB00A4A5FC /* add one to the number */;
			productType = "com.apple.product-type.tool";
		};
		4867D9ED219E890400A4A5FC /* testing_ground */ = {
			isa = PBXNativeTarget;
			buildConfigurationList = 4867D9F2219E890400A4A5FC /* Build configuration list for PBXNativeTarget "testing_ground" */;
			buildPhases = (
				4867D9EA219E890400A4A5FC /* Sources */,
				4867D9EB219E890400A4A5FC /* Frameworks */,
				4867D9EC219E890400A4A5FC /* CopyFiles */,
			);
			buildRules = (
			);
			dependencies = (
			);
			name = testing_ground;
			productName = testing_ground;
			productReference = 4867D9EE219E890400A4A5FC /* testing_ground */;
			productType = "com.apple.product-type.tool";
		};
		48694B19219744D400896589 /* testing_target */ = {
			isa = PBXNativeTarget;
			buildConfigurationList = 48694B1E219744D400896589 /* Build configuration list for PBXNativeTarget "testing_target" */;
			buildPhases = (
				48694B16219744D400896589 /* Sources */,
				48694B17219744D400896589 /* Frameworks */,
				48694B18219744D400896589 /* CopyFiles */,
			);
			buildRules = (
			);
			dependencies = (
			);
			name = testing_target;
			productName = testing_target;
			productReference = 48694B1A219744D400896589 /* testing_target */;
			productType = "com.apple.product-type.tool";
		};
		486E8937218F187B00C8BC5E /* my_cpp_practice */ = {
			isa = PBXNativeTarget;
			buildConfigurationList = 486E893F218F187B00C8BC5E /* Build configuration list for PBXNativeTarget "my_cpp_practice" */;
			buildPhases = (
				486E8934218F187B00C8BC5E /* Sources */,
				486E8935218F187B00C8BC5E /* Frameworks */,
				486E8936218F187B00C8BC5E /* CopyFiles */,
			);
			buildRules = (
			);
			dependencies = (
			);
			name = my_cpp_practice;
			productName = my_cpp_practice;
			productReference = 486E8938218F187B00C8BC5E /* my_cpp_practice */;
			productType = "com.apple.product-type.tool";
		};
		486E8945218F18B200C8BC5E /* addition_by_string */ = {
			isa = PBXNativeTarget;
			buildConfigurationList = 486E894A218F18B200C8BC5E /* Build configuration list for PBXNativeTarget "addition_by_string" */;
			buildPhases = (
				486E8942218F18B200C8BC5E /* Sources */,
				486E8943218F18B200C8BC5E /* Frameworks */,
				486E8944218F18B200C8BC5E /* CopyFiles */,
			);
			buildRules = (
			);
			dependencies = (
			);
			name = addition_by_string;
			productName = addition_by_string;
			productReference = 486E8946218F18B200C8BC5E /* addition_by_string */;
			productType = "com.apple.product-type.tool";
		};
		486E8950218F192B00C8BC5E /* Bisection method (For linear) */ = {
			isa = PBXNativeTarget;
			buildConfigurationList = 486E8955218F192B00C8BC5E /* Build configuration list for PBXNativeTarget "Bisection method (For linear)" */;
			buildPhases = (
				486E894D218F192B00C8BC5E /* Sources */,
				486E894E218F192B00C8BC5E /* Frameworks */,
				486E894F218F192B00C8BC5E /* CopyFiles */,
			);
			buildRules = (
			);
			dependencies = (
			);
			name = "Bisection method (For linear)";
			productName = "Bisection method (For linear)";
			productReference = 486E8951218F192B00C8BC5E /* Bisection method (For linear) */;
			productType = "com.apple.product-type.tool";
		};
		486E895B218F19A200C8BC5E /* Palindrome string */ = {
			isa = PBXNativeTarget;
			buildConfigurationList = 486E8960218F19A200C8BC5E /* Build configuration list for PBXNativeTarget "Palindrome string" */;
			buildPhases = (
				486E8958218F19A200C8BC5E /* Sources */,
				486E8959218F19A200C8BC5E /* Frameworks */,
				486E895A218F19A200C8BC5E /* CopyFiles */,
			);
			buildRules = (
			);
			dependencies = (
			);
			name = "Palindrome string";
			productName = "Palindrome string";
			productReference = 486E895C218F19A200C8BC5E /* Palindrome string */;
			productType = "com.apple.product-type.tool";
		};
		486E8966218F1AAC00C8BC5E /* Faster fibonacci by using array */ = {
			isa = PBXNativeTarget;
			buildConfigurationList = 486E896B218F1AAC00C8BC5E /* Build configuration list for PBXNativeTarget "Faster fibonacci by using array" */;
			buildPhases = (
				486E8963218F1AAC00C8BC5E /* Sources */,
				486E8964218F1AAC00C8BC5E /* Frameworks */,
				486E8965218F1AAC00C8BC5E /* CopyFiles */,
			);
			buildRules = (
			);
			dependencies = (
			);
			name = "Faster fibonacci by using array";
			productName = "Faster fibonacci by using array";
			productReference = 486E8967218F1AAC00C8BC5E /* Faster fibonacci by using array */;
			productType = "com.apple.product-type.tool";
		};
		486E8971218F1B0200C8BC5E /* Find the number of palindrome substring */ = {
			isa = PBXNativeTarget;
			buildConfigurationList = 486E8976218F1B0200C8BC5E /* Build configuration list for PBXNativeTarget "Find the number of palindrome substring" */;
			buildPhases = (
				486E896E218F1B0200C8BC5E /* Sources */,
				486E896F218F1B0200C8BC5E /* Frameworks */,
				486E8970218F1B0200C8BC5E /* CopyFiles */,
			);
			buildRules = (
			);
			dependencies = (
			);
			name = "Find the number of palindrome substring";
			productName = "Find the number of palindrome substring";
			productReference = 486E8972218F1B0200C8BC5E /* Find the number of palindrome substring */;
			productType = "com.apple.product-type.tool";
		};
		486E897C218F1B6A00C8BC5E /* Last three number */ = {
			isa = PBXNativeTarget;
			buildConfigurationList = 486E8981218F1B6A00C8BC5E /* Build configuration list for PBXNativeTarget "Last three number" */;
			buildPhases = (
				486E8979218F1B6A00C8BC5E /* Sources */,
				486E897A218F1B6A00C8BC5E /* Frameworks */,
				486E897B218F1B6A00C8BC5E /* CopyFiles */,
			);
			buildRules = (
			);
			dependencies = (
			);
			name = "Last three number";
			productName = "Last three number";
			productReference = 486E897D218F1B6A00C8BC5E /* Last three number */;
			productType = "com.apple.product-type.tool";
		};
		486E8987218F1B9600C8BC5E /* Print numerical trapezium */ = {
			isa = PBXNativeTarget;
			buildConfigurationList = 486E898C218F1B9600C8BC5E /* Build configuration list for PBXNativeTarget "Print numerical trapezium" */;
			buildPhases = (
				486E8984218F1B9600C8BC5E /* Sources */,
				486E8985218F1B9600C8BC5E /* Frameworks */,
				486E8986218F1B9600C8BC5E /* CopyFiles */,
			);
			buildRules = (
			);
			dependencies = (
			);
			name = "Print numerical trapezium";
			productName = "Print numerical trapezium";
			productReference = 486E8988218F1B9600C8BC5E /* Print numerical trapezium */;
			productType = "com.apple.product-type.tool";
		};
		486E8992218F1BD000C8BC5E /* Reverse a matrix */ = {
			isa = PBXNativeTarget;
			buildConfigurationList = 486E8997218F1BD000C8BC5E /* Build configuration list for PBXNativeTarget "Reverse a matrix" */;
			buildPhases = (
				486E898F218F1BD000C8BC5E /* Sources */,
				486E8990218F1BD000C8BC5E /* Frameworks */,
				486E8991218F1BD000C8BC5E /* CopyFiles */,
			);
			buildRules = (
			);
			dependencies = (
			);
			name = "Reverse a matrix";
			productName = "Reverse a matrix";
			productReference = 486E8993218F1BD000C8BC5E /* Reverse a matrix */;
			productType = "com.apple.product-type.tool";
		};
		486E899D218F1C0700C8BC5E /* who_got_the_biggest_number */ = {
			isa = PBXNativeTarget;
			buildConfigurationList = 486E89A2218F1C0700C8BC5E /* Build configuration list for PBXNativeTarget "who_got_the_biggest_number" */;
			buildPhases = (
				486E899A218F1C0700C8BC5E /* Sources */,
				486E899B218F1C0700C8BC5E /* Frameworks */,
				486E899C218F1C0700C8BC5E /* CopyFiles */,
			);
			buildRules = (
			);
			dependencies = (
			);
			name = who_got_the_biggest_number;
			productName = who_got_the_biggest_number;
			productReference = 486E899E218F1C0700C8BC5E /* who_got_the_biggest_number */;
			productType = "com.apple.product-type.tool";
		};
		4884C7C9219172AB007550D0 /* wing of liberty - starcraft */ = {
			isa = PBXNativeTarget;
			buildConfigurationList = 4884C7D0219172AB007550D0 /* Build configuration list for PBXNativeTarget "wing of liberty - starcraft" */;
			buildPhases = (
				4884C7C6219172AB007550D0 /* Sources */,
				4884C7C7219172AB007550D0 /* Frameworks */,
				4884C7C8219172AB007550D0 /* CopyFiles */,
			);
			buildRules = (
			);
			dependencies = (
			);
			name = "wing of liberty - starcraft";
			productName = "wing of liberty - starcraft";
			productReference = 4884C7CA219172AB007550D0 /* wing of liberty - starcraft */;
			productType = "com.apple.product-type.tool";
		};
		4884C7D421930F1C007550D0 /* vector practice */ = {
			isa = PBXNativeTarget;
			buildConfigurationList = 4884C7D921930F1C007550D0 /* Build configuration list for PBXNativeTarget "vector practice" */;
			buildPhases = (
				4884C7D121930F1C007550D0 /* Sources */,
				4884C7D221930F1C007550D0 /* Frameworks */,
				4884C7D321930F1C007550D0 /* CopyFiles */,
			);
			buildRules = (
			);
			dependencies = (
			);
			name = "vector practice";
			productName = "vector practice";
			productReference = 4884C7D521930F1C007550D0 /* vector practice */;
			productType = "com.apple.product-type.tool";
		};
		48BB53DB21981683000F5C3C /* roman_to_decimal */ = {
			isa = PBXNativeTarget;
			buildConfigurationList = 48BB53E221981683000F5C3C /* Build configuration list for PBXNativeTarget "roman_to_decimal" */;
			buildPhases = (
				48BB53D821981683000F5C3C /* Sources */,
				48BB53D921981683000F5C3C /* Frameworks */,
				48BB53DA21981683000F5C3C /* CopyFiles */,
			);
			buildRules = (
			);
			dependencies = (
			);
			name = roman_to_decimal;
			productName = roman_to_decimal;
			productReference = 48BB53DC21981683000F5C3C /* roman_to_decimal */;
			productType = "com.apple.product-type.tool";
		};
		48DB318321999EA800A38B7A /* find_element_with_no_repetion */ = {
			isa = PBXNativeTarget;
			buildConfigurationList = 48DB318821999EA800A38B7A /* Build configuration list for PBXNativeTarget "find_element_with_no_repetion" */;
			buildPhases = (
				48DB318021999EA800A38B7A /* Sources */,
				48DB318121999EA800A38B7A /* Frameworks */,
				48DB318221999EA800A38B7A /* CopyFiles */,
			);
			buildRules = (
			);
			dependencies = (
			);
			name = find_element_with_no_repetion;
			productName = find_element_with_no_repetion;
			productReference = 48DB318421999EA800A38B7A /* find_element_with_no_repetion */;
			productType = "com.apple.product-type.tool";
		};
/* End PBXNativeTarget section */

/* Begin PBXProject section */
		486E8930218F187B00C8BC5E /* Project object */ = {
			isa = PBXProject;
			attributes = {
				LastUpgradeCheck = 1000;
				ORGANIZATIONNAME = "Michael Hui";
				TargetAttributes = {
					4808C2D8219ED32700B0DE8A = {
						CreatedOnToolsVersion = 10.1;
					};
					4808C2E6219F28CB00B0DE8A = {
						CreatedOnToolsVersion = 10.1;
					};
					4824AD9A219E98F700104D8A = {
						CreatedOnToolsVersion = 10.1;
					};
					4857422F219430C2006151BF = {
						CreatedOnToolsVersion = 10.0;
					};
					4857423A219467D8006151BF = {
						CreatedOnToolsVersion = 10.0;
					};
					4867D99C2199ECDE00A4A5FC = {
						CreatedOnToolsVersion = 10.1;
					};
					4867D9A8219AA25A00A4A5FC = {
						CreatedOnToolsVersion = 10.1;
					};
					4867D9B3219ABF6B00A4A5FC = {
						CreatedOnToolsVersion = 10.1;
					};
					4867D9BE219AC17800A4A5FC = {
						CreatedOnToolsVersion = 10.1;
					};
					4867D9C9219B281100A4A5FC = {
						CreatedOnToolsVersion = 10.1;
					};
					4867D9D4219BFE2C00A4A5FC = {
						CreatedOnToolsVersion = 10.1;
					};
					4867D9E0219E67EB00A4A5FC = {
						CreatedOnToolsVersion = 10.1;
					};
					4867D9ED219E890400A4A5FC = {
						CreatedOnToolsVersion = 10.1;
					};
					48694B19219744D400896589 = {
						CreatedOnToolsVersion = 10.0;
					};
					486E8937218F187B00C8BC5E = {
						CreatedOnToolsVersion = 10.0;
					};
					486E8945218F18B200C8BC5E = {
						CreatedOnToolsVersion = 10.0;
					};
					486E8950218F192B00C8BC5E = {
						CreatedOnToolsVersion = 10.0;
					};
					486E895B218F19A200C8BC5E = {
						CreatedOnToolsVersion = 10.0;
					};
					486E8966218F1AAC00C8BC5E = {
						CreatedOnToolsVersion = 10.0;
					};
					486E8971218F1B0200C8BC5E = {
						CreatedOnToolsVersion = 10.0;
					};
					486E897C218F1B6A00C8BC5E = {
						CreatedOnToolsVersion = 10.0;
					};
					486E8987218F1B9600C8BC5E = {
						CreatedOnToolsVersion = 10.0;
					};
					486E8992218F1BD000C8BC5E = {
						CreatedOnToolsVersion = 10.0;
					};
					486E899D218F1C0700C8BC5E = {
						CreatedOnToolsVersion = 10.0;
					};
					4884C7C9219172AB007550D0 = {
						CreatedOnToolsVersion = 10.0;
					};
					4884C7D421930F1C007550D0 = {
						CreatedOnToolsVersion = 10.0;
					};
					48BB53DB21981683000F5C3C = {
						CreatedOnToolsVersion = 10.0;
					};
					48DB318321999EA800A38B7A = {
						CreatedOnToolsVersion = 10.1;
					};
				};
			};
			buildConfigurationList = 486E8933218F187B00C8BC5E /* Build configuration list for PBXProject "my_cpp_practice" */;
			compatibilityVersion = "Xcode 9.3";
			developmentRegion = en;
			hasScannedForEncodings = 0;
			knownRegions = (
				en,
			);
			mainGroup = 486E892F218F187B00C8BC5E;
			productRefGroup = 486E8939218F187B00C8BC5E /* products */;
			projectDirPath = "";
			projectRoot = "";
			targets = (
				486E8937218F187B00C8BC5E /* my_cpp_practice */,
				486E8945218F18B200C8BC5E /* addition_by_string */,
				486E8950218F192B00C8BC5E /* Bisection method (For linear) */,
				486E895B218F19A200C8BC5E /* Palindrome string */,
				486E8966218F1AAC00C8BC5E /* Faster fibonacci by using array */,
				486E8971218F1B0200C8BC5E /* Find the number of palindrome substring */,
				486E897C218F1B6A00C8BC5E /* Last three number */,
				486E8987218F1B9600C8BC5E /* Print numerical trapezium */,
				486E8992218F1BD000C8BC5E /* Reverse a matrix */,
				486E899D218F1C0700C8BC5E /* who_got_the_biggest_number */,
				4884C7C9219172AB007550D0 /* wing of liberty - starcraft */,
				4884C7D421930F1C007550D0 /* vector practice */,
				4857422F219430C2006151BF /* who take my clay */,
				4857423A219467D8006151BF /* bitwise operation practice */,
				48694B19219744D400896589 /* testing_target */,
				48BB53DB21981683000F5C3C /* roman_to_decimal */,
				48DB318321999EA800A38B7A /* find_element_with_no_repetion */,
				4867D99C2199ECDE00A4A5FC /* fibonacci_3 */,
				4867D9A8219AA25A00A4A5FC /* find_square_root */,
				4867D9B3219ABF6B00A4A5FC /* jumping_in_array */,
				4867D9BE219AC17800A4A5FC /* template_practice_1 */,
				4867D9C9219B281100A4A5FC /* digit_sum_to_pinyin_pat_1002 */,
				4867D9D4219BFE2C00A4A5FC /* a_vector_simulation */,
				4867D9E0219E67EB00A4A5FC /* add one to the number */,
				4867D9ED219E890400A4A5FC /* testing_ground */,
				4824AD9A219E98F700104D8A /* integer_addition_vector_ver */,
				4808C2D8219ED32700B0DE8A /* rapid_product */,
				4808C2E6219F28CB00B0DE8A /* slow_multiplication_by_using_addition */,
			);
		};
/* End PBXProject section */

/* Begin PBXSourcesBuildPhase section */
		4808C2D5219ED32700B0DE8A /* Sources */ = {
			isa = PBXSourcesBuildPhase;
			buildActionMask = 2147483647;
			files = (
				4808C2DC219ED32800B0DE8A /* main.cpp in Sources */,
			);
			runOnlyForDeploymentPostprocessing = 0;
		};
		4808C2E3219F28CB00B0DE8A /* Sources */ = {
			isa = PBXSourcesBuildPhase;
			buildActionMask = 2147483647;
			files = (
				4808C2EA219F28CB00B0DE8A /* main.cpp in Sources */,
			);
			runOnlyForDeploymentPostprocessing = 0;
		};
		4824AD97219E98F700104D8A /* Sources */ = {
			isa = PBXSourcesBuildPhase;
			buildActionMask = 2147483647;
			files = (
				4824AD9E219E98F700104D8A /* main.cpp in Sources */,
			);
			runOnlyForDeploymentPostprocessing = 0;
		};
		4857422C219430C2006151BF /* Sources */ = {
			isa = PBXSourcesBuildPhase;
			buildActionMask = 2147483647;
			files = (
				48574233219430C2006151BF /* main.cpp in Sources */,
			);
			runOnlyForDeploymentPostprocessing = 0;
		};
		48574237219467D8006151BF /* Sources */ = {
			isa = PBXSourcesBuildPhase;
			buildActionMask = 2147483647;
			files = (
				4857423E219467D8006151BF /* main.cpp in Sources */,
			);
			runOnlyForDeploymentPostprocessing = 0;
		};
		4867D9992199ECDE00A4A5FC /* Sources */ = {
			isa = PBXSourcesBuildPhase;
			buildActionMask = 2147483647;
			files = (
				4867D9A02199ECDE00A4A5FC /* main.cpp in Sources */,
			);
			runOnlyForDeploymentPostprocessing = 0;
		};
		4867D9A5219AA25A00A4A5FC /* Sources */ = {
			isa = PBXSourcesBuildPhase;
			buildActionMask = 2147483647;
			files = (
				4867D9AC219AA25A00A4A5FC /* main.cpp in Sources */,
			);
			runOnlyForDeploymentPostprocessing = 0;
		};
		4867D9B0219ABF6B00A4A5FC /* Sources */ = {
			isa = PBXSourcesBuildPhase;
			buildActionMask = 2147483647;
			files = (
				4867D9B7219ABF6B00A4A5FC /* main.cpp in Sources */,
			);
			runOnlyForDeploymentPostprocessing = 0;
		};
		4867D9BB219AC17800A4A5FC /* Sources */ = {
			isa = PBXSourcesBuildPhase;
			buildActionMask = 2147483647;
			files = (
				4867D9C2219AC17800A4A5FC /* main.cpp in Sources */,
			);
			runOnlyForDeploymentPostprocessing = 0;
		};
		4867D9C6219B281100A4A5FC /* Sources */ = {
			isa = PBXSourcesBuildPhase;
			buildActionMask = 2147483647;
			files = (
				4867D9CD219B281100A4A5FC /* main.cpp in Sources */,
			);
			runOnlyForDeploymentPostprocessing = 0;
		};
		4867D9D1219BFE2C00A4A5FC /* Sources */ = {
			isa = PBXSourcesBuildPhase;
			buildActionMask = 2147483647;
			files = (
			);
			runOnlyForDeploymentPostprocessing = 0;
		};
		4867D9DD219E67EB00A4A5FC /* Sources */ = {
			isa = PBXSourcesBuildPhase;
			buildActionMask = 2147483647;
			files = (
				4867D9E4219E67EB00A4A5FC /* main.cpp in Sources */,
			);
			runOnlyForDeploymentPostprocessing = 0;
		};
		4867D9EA219E890400A4A5FC /* Sources */ = {
			isa = PBXSourcesBuildPhase;
			buildActionMask = 2147483647;
			files = (
				4867D9F1219E890400A4A5FC /* main.cpp in Sources */,
			);
			runOnlyForDeploymentPostprocessing = 0;
		};
		48694B16219744D400896589 /* Sources */ = {
			isa = PBXSourcesBuildPhase;
			buildActionMask = 2147483647;
			files = (
				48694B1D219744D400896589 /* main.cpp in Sources */,
			);
			runOnlyForDeploymentPostprocessing = 0;
		};
		486E8934218F187B00C8BC5E /* Sources */ = {
			isa = PBXSourcesBuildPhase;
			buildActionMask = 2147483647;
			files = (
			);
			runOnlyForDeploymentPostprocessing = 0;
		};
		486E8942218F18B200C8BC5E /* Sources */ = {
			isa = PBXSourcesBuildPhase;
			buildActionMask = 2147483647;
			files = (
				486E8949218F18B200C8BC5E /* main.cpp in Sources */,
			);
			runOnlyForDeploymentPostprocessing = 0;
		};
		486E894D218F192B00C8BC5E /* Sources */ = {
			isa = PBXSourcesBuildPhase;
			buildActionMask = 2147483647;
			files = (
				486E8954218F192B00C8BC5E /* main.cpp in Sources */,
			);
			runOnlyForDeploymentPostprocessing = 0;
		};
		486E8958218F19A200C8BC5E /* Sources */ = {
			isa = PBXSourcesBuildPhase;
			buildActionMask = 2147483647;
			files = (
				486E895F218F19A200C8BC5E /* main.cpp in Sources */,
			);
			runOnlyForDeploymentPostprocessing = 0;
		};
		486E8963218F1AAC00C8BC5E /* Sources */ = {
			isa = PBXSourcesBuildPhase;
			buildActionMask = 2147483647;
			files = (
				486E896A218F1AAC00C8BC5E /* main.cpp in Sources */,
			);
			runOnlyForDeploymentPostprocessing = 0;
		};
		486E896E218F1B0200C8BC5E /* Sources */ = {
			isa = PBXSourcesBuildPhase;
			buildActionMask = 2147483647;
			files = (
				486E8975218F1B0200C8BC5E /* main.cpp in Sources */,
			);
			runOnlyForDeploymentPostprocessing = 0;
		};
		486E8979218F1B6A00C8BC5E /* Sources */ = {
			isa = PBXSourcesBuildPhase;
			buildActionMask = 2147483647;
			files = (
				486E8980218F1B6A00C8BC5E /* main.cpp in Sources */,
			);
			runOnlyForDeploymentPostprocessing = 0;
		};
		486E8984218F1B9600C8BC5E /* Sources */ = {
			isa = PBXSourcesBuildPhase;
			buildActionMask = 2147483647;
			files = (
				486E898B218F1B9600C8BC5E /* main.cpp in Sources */,
			);
			runOnlyForDeploymentPostprocessing = 0;
		};
		486E898F218F1BD000C8BC5E /* Sources */ = {
			isa = PBXSourcesBuildPhase;
			buildActionMask = 2147483647;
			files = (
				486E8996218F1BD000C8BC5E /* main.cpp in Sources */,
			);
			runOnlyForDeploymentPostprocessing = 0;
		};
		486E899A218F1C0700C8BC5E /* Sources */ = {
			isa = PBXSourcesBuildPhase;
			buildActionMask = 2147483647;
			files = (
				486E89A1218F1C0700C8BC5E /* main.cpp in Sources */,
			);
			runOnlyForDeploymentPostprocessing = 0;
		};
		4884C7C6219172AB007550D0 /* Sources */ = {
			isa = PBXSourcesBuildPhase;
			buildActionMask = 2147483647;
			files = (
				4884C7CD219172AB007550D0 /* main.cpp in Sources */,
			);
			runOnlyForDeploymentPostprocessing = 0;
		};
		4884C7D121930F1C007550D0 /* Sources */ = {
			isa = PBXSourcesBuildPhase;
			buildActionMask = 2147483647;
			files = (
				4857424A219563CF006151BF /* vector_practice_2.cpp in Sources */,
				4867D9E9219E681200A4A5FC /* vector_practice_1.cpp in Sources */,
			);
			runOnlyForDeploymentPostprocessing = 0;
		};
		48BB53D821981683000F5C3C /* Sources */ = {
			isa = PBXSourcesBuildPhase;
			buildActionMask = 2147483647;
			files = (
				48BB53DF21981683000F5C3C /* main.cpp in Sources */,
			);
			runOnlyForDeploymentPostprocessing = 0;
		};
		48DB318021999EA800A38B7A /* Sources */ = {
			isa = PBXSourcesBuildPhase;
			buildActionMask = 2147483647;
			files = (
				48DB318721999EA800A38B7A /* main.cpp in Sources */,
			);
			runOnlyForDeploymentPostprocessing = 0;
		};
/* End PBXSourcesBuildPhase section */

/* Begin XCBuildConfiguration section */
		4808C2DD219ED32800B0DE8A /* Debug */ = {
			isa = XCBuildConfiguration;
			buildSettings = {
				CODE_SIGN_STYLE = Automatic;
				DEVELOPMENT_TEAM = F89HYZ4J46;
				PRODUCT_NAME = "$(TARGET_NAME)";
			};
			name = Debug;
		};
		4808C2DE219ED32800B0DE8A /* Release */ = {
			isa = XCBuildConfiguration;
			buildSettings = {
				CODE_SIGN_STYLE = Automatic;
				DEVELOPMENT_TEAM = F89HYZ4J46;
				PRODUCT_NAME = "$(TARGET_NAME)";
			};
			name = Release;
		};
		4808C2EC219F28CB00B0DE8A /* Debug */ = {
			isa = XCBuildConfiguration;
			buildSettings = {
				CODE_SIGN_STYLE = Automatic;
				DEVELOPMENT_TEAM = F89HYZ4J46;
				PRODUCT_NAME = "$(TARGET_NAME)";
			};
			name = Debug;
		};
		4808C2ED219F28CB00B0DE8A /* Release */ = {
			isa = XCBuildConfiguration;
			buildSettings = {
				CODE_SIGN_STYLE = Automatic;
				DEVELOPMENT_TEAM = F89HYZ4J46;
				PRODUCT_NAME = "$(TARGET_NAME)";
			};
			name = Release;
		};
		4824AD9F219E98F700104D8A /* Debug */ = {
			isa = XCBuildConfiguration;
			buildSettings = {
				CODE_SIGN_STYLE = Automatic;
				DEVELOPMENT_TEAM = F89HYZ4J46;
				PRODUCT_NAME = "$(TARGET_NAME)";
			};
			name = Debug;
		};
		4824ADA0219E98F700104D8A /* Release */ = {
			isa = XCBuildConfiguration;
			buildSettings = {
				CODE_SIGN_STYLE = Automatic;
				DEVELOPMENT_TEAM = F89HYZ4J46;
				PRODUCT_NAME = "$(TARGET_NAME)";
			};
			name = Release;
		};
		48574234219430C2006151BF /* Debug */ = {
			isa = XCBuildConfiguration;
			buildSettings = {
				CODE_SIGN_STYLE = Automatic;
				DEVELOPMENT_TEAM = F89HYZ4J46;
				PRODUCT_NAME = "$(TARGET_NAME)";
			};
			name = Debug;
		};
		48574235219430C2006151BF /* Release */ = {
			isa = XCBuildConfiguration;
			buildSettings = {
				CODE_SIGN_STYLE = Automatic;
				DEVELOPMENT_TEAM = F89HYZ4J46;
				PRODUCT_NAME = "$(TARGET_NAME)";
			};
			name = Release;
		};
		48574240219467D8006151BF /* Debug */ = {
			isa = XCBuildConfiguration;
			buildSettings = {
				CODE_SIGN_STYLE = Automatic;
				DEVELOPMENT_TEAM = F89HYZ4J46;
				PRODUCT_NAME = "$(TARGET_NAME)";
			};
			name = Debug;
		};
		48574241219467D8006151BF /* Release */ = {
			isa = XCBuildConfiguration;
			buildSettings = {
				CODE_SIGN_STYLE = Automatic;
				DEVELOPMENT_TEAM = F89HYZ4J46;
				PRODUCT_NAME = "$(TARGET_NAME)";
			};
			name = Release;
		};
		4867D9A22199ECDE00A4A5FC /* Debug */ = {
			isa = XCBuildConfiguration;
			buildSettings = {
				CODE_SIGN_STYLE = Automatic;
				DEVELOPMENT_TEAM = F89HYZ4J46;
				PRODUCT_NAME = "$(TARGET_NAME)";
			};
			name = Debug;
		};
		4867D9A32199ECDE00A4A5FC /* Release */ = {
			isa = XCBuildConfiguration;
			buildSettings = {
				CODE_SIGN_STYLE = Automatic;
				DEVELOPMENT_TEAM = F89HYZ4J46;
				PRODUCT_NAME = "$(TARGET_NAME)";
			};
			name = Release;
		};
		4867D9AE219AA25A00A4A5FC /* Debug */ = {
			isa = XCBuildConfiguration;
			buildSettings = {
				CODE_SIGN_STYLE = Automatic;
				DEVELOPMENT_TEAM = F89HYZ4J46;
				PRODUCT_NAME = "$(TARGET_NAME)";
			};
			name = Debug;
		};
		4867D9AF219AA25A00A4A5FC /* Release */ = {
			isa = XCBuildConfiguration;
			buildSettings = {
				CODE_SIGN_STYLE = Automatic;
				DEVELOPMENT_TEAM = F89HYZ4J46;
				PRODUCT_NAME = "$(TARGET_NAME)";
			};
			name = Release;
		};
		4867D9B9219ABF6B00A4A5FC /* Debug */ = {
			isa = XCBuildConfiguration;
			buildSettings = {
				CODE_SIGN_STYLE = Automatic;
				DEVELOPMENT_TEAM = F89HYZ4J46;
				PRODUCT_NAME = "$(TARGET_NAME)";
			};
			name = Debug;
		};
		4867D9BA219ABF6B00A4A5FC /* Release */ = {
			isa = XCBuildConfiguration;
			buildSettings = {
				CODE_SIGN_STYLE = Automatic;
				DEVELOPMENT_TEAM = F89HYZ4J46;
				PRODUCT_NAME = "$(TARGET_NAME)";
			};
			name = Release;
		};
		4867D9C4219AC17800A4A5FC /* Debug */ = {
			isa = XCBuildConfiguration;
			buildSettings = {
				CODE_SIGN_STYLE = Automatic;
				DEVELOPMENT_TEAM = F89HYZ4J46;
				PRODUCT_NAME = "$(TARGET_NAME)";
			};
			name = Debug;
		};
		4867D9C5219AC17800A4A5FC /* Release */ = {
			isa = XCBuildConfiguration;
			buildSettings = {
				CODE_SIGN_STYLE = Automatic;
				DEVELOPMENT_TEAM = F89HYZ4J46;
				PRODUCT_NAME = "$(TARGET_NAME)";
			};
			name = Release;
		};
		4867D9CF219B281100A4A5FC /* Debug */ = {
			isa = XCBuildConfiguration;
			buildSettings = {
				CODE_SIGN_STYLE = Automatic;
				DEVELOPMENT_TEAM = F89HYZ4J46;
				PRODUCT_NAME = "$(TARGET_NAME)";
			};
			name = Debug;
		};
		4867D9D0219B281100A4A5FC /* Release */ = {
			isa = XCBuildConfiguration;
			buildSettings = {
				CODE_SIGN_STYLE = Automatic;
				DEVELOPMENT_TEAM = F89HYZ4J46;
				PRODUCT_NAME = "$(TARGET_NAME)";
			};
			name = Release;
		};
		4867D9DA219BFE2C00A4A5FC /* Debug */ = {
			isa = XCBuildConfiguration;
			buildSettings = {
				CODE_SIGN_STYLE = Automatic;
				DEVELOPMENT_TEAM = F89HYZ4J46;
				PRODUCT_NAME = "$(TARGET_NAME)";
			};
			name = Debug;
		};
		4867D9DB219BFE2C00A4A5FC /* Release */ = {
			isa = XCBuildConfiguration;
			buildSettings = {
				CODE_SIGN_STYLE = Automatic;
				DEVELOPMENT_TEAM = F89HYZ4J46;
				PRODUCT_NAME = "$(TARGET_NAME)";
			};
			name = Release;
		};
		4867D9E6219E67EB00A4A5FC /* Debug */ = {
			isa = XCBuildConfiguration;
			buildSettings = {
				CODE_SIGN_STYLE = Automatic;
				DEVELOPMENT_TEAM = F89HYZ4J46;
				PRODUCT_NAME = "$(TARGET_NAME)";
			};
			name = Debug;
		};
		4867D9E7219E67EB00A4A5FC /* Release */ = {
			isa = XCBuildConfiguration;
			buildSettings = {
				CODE_SIGN_STYLE = Automatic;
				DEVELOPMENT_TEAM = F89HYZ4J46;
				PRODUCT_NAME = "$(TARGET_NAME)";
			};
			name = Release;
		};
		4867D9F3219E890400A4A5FC /* Debug */ = {
			isa = XCBuildConfiguration;
			buildSettings = {
				CODE_SIGN_STYLE = Automatic;
				DEVELOPMENT_TEAM = F89HYZ4J46;
				PRODUCT_NAME = "$(TARGET_NAME)";
			};
			name = Debug;
		};
		4867D9F4219E890400A4A5FC /* Release */ = {
			isa = XCBuildConfiguration;
			buildSettings = {
				CODE_SIGN_STYLE = Automatic;
				DEVELOPMENT_TEAM = F89HYZ4J46;
				PRODUCT_NAME = "$(TARGET_NAME)";
			};
			name = Release;
		};
		48694B1F219744D400896589 /* Debug */ = {
			isa = XCBuildConfiguration;
			buildSettings = {
				CODE_SIGN_STYLE = Automatic;
				DEVELOPMENT_TEAM = F89HYZ4J46;
				PRODUCT_NAME = "$(TARGET_NAME)";
			};
			name = Debug;
		};
		48694B20219744D400896589 /* Release */ = {
			isa = XCBuildConfiguration;
			buildSettings = {
				CODE_SIGN_STYLE = Automatic;
				DEVELOPMENT_TEAM = F89HYZ4J46;
				PRODUCT_NAME = "$(TARGET_NAME)";
			};
			name = Release;
		};
		486E893D218F187B00C8BC5E /* Debug */ = {
			isa = XCBuildConfiguration;
			buildSettings = {
				ALWAYS_SEARCH_USER_PATHS = NO;
				CLANG_ANALYZER_NONNULL = YES;
				CLANG_ANALYZER_NUMBER_OBJECT_CONVERSION = YES_AGGRESSIVE;
				CLANG_CXX_LANGUAGE_STANDARD = "gnu++14";
				CLANG_CXX_LIBRARY = "libc++";
				CLANG_ENABLE_MODULES = YES;
				CLANG_ENABLE_OBJC_ARC = YES;
				CLANG_ENABLE_OBJC_WEAK = YES;
				CLANG_WARN_BLOCK_CAPTURE_AUTORELEASING = YES;
				CLANG_WARN_BOOL_CONVERSION = YES;
				CLANG_WARN_COMMA = YES;
				CLANG_WARN_CONSTANT_CONVERSION = YES;
				CLANG_WARN_DEPRECATED_OBJC_IMPLEMENTATIONS = YES;
				CLANG_WARN_DIRECT_OBJC_ISA_USAGE = YES_ERROR;
				CLANG_WARN_DOCUMENTATION_COMMENTS = YES;
				CLANG_WARN_EMPTY_BODY = YES;
				CLANG_WARN_ENUM_CONVERSION = YES;
				CLANG_WARN_INFINITE_RECURSION = YES;
				CLANG_WARN_INT_CONVERSION = YES;
				CLANG_WARN_NON_LITERAL_NULL_CONVERSION = YES;
				CLANG_WARN_OBJC_IMPLICIT_RETAIN_SELF = YES;
				CLANG_WARN_OBJC_LITERAL_CONVERSION = YES;
				CLANG_WARN_OBJC_ROOT_CLASS = YES_ERROR;
				CLANG_WARN_RANGE_LOOP_ANALYSIS = YES;
				CLANG_WARN_STRICT_PROTOTYPES = YES;
				CLANG_WARN_SUSPICIOUS_MOVE = YES;
				CLANG_WARN_UNGUARDED_AVAILABILITY = YES_AGGRESSIVE;
				CLANG_WARN_UNREACHABLE_CODE = YES;
				CLANG_WARN__DUPLICATE_METHOD_MATCH = YES;
				CODE_SIGN_IDENTITY = "Mac Developer";
				COPY_PHASE_STRIP = NO;
				DEBUG_INFORMATION_FORMAT = dwarf;
				ENABLE_STRICT_OBJC_MSGSEND = YES;
				ENABLE_TESTABILITY = YES;
				GCC_C_LANGUAGE_STANDARD = gnu11;
				GCC_DYNAMIC_NO_PIC = NO;
				GCC_NO_COMMON_BLOCKS = YES;
				GCC_OPTIMIZATION_LEVEL = 0;
				GCC_PREPROCESSOR_DEFINITIONS = (
					"DEBUG=1",
					"$(inherited)",
				);
				GCC_WARN_64_TO_32_BIT_CONVERSION = YES;
				GCC_WARN_ABOUT_RETURN_TYPE = YES_ERROR;
				GCC_WARN_UNDECLARED_SELECTOR = YES;
				GCC_WARN_UNINITIALIZED_AUTOS = YES_AGGRESSIVE;
				GCC_WARN_UNUSED_FUNCTION = YES;
				GCC_WARN_UNUSED_VARIABLE = YES;
				MACOSX_DEPLOYMENT_TARGET = 10.14;
				MTL_ENABLE_DEBUG_INFO = INCLUDE_SOURCE;
				MTL_FAST_MATH = YES;
				ONLY_ACTIVE_ARCH = YES;
				SDKROOT = macosx;
			};
			name = Debug;
		};
		486E893E218F187B00C8BC5E /* Release */ = {
			isa = XCBuildConfiguration;
			buildSettings = {
				ALWAYS_SEARCH_USER_PATHS = NO;
				CLANG_ANALYZER_NONNULL = YES;
				CLANG_ANALYZER_NUMBER_OBJECT_CONVERSION = YES_AGGRESSIVE;
				CLANG_CXX_LANGUAGE_STANDARD = "gnu++14";
				CLANG_CXX_LIBRARY = "libc++";
				CLANG_ENABLE_MODULES = YES;
				CLANG_ENABLE_OBJC_ARC = YES;
				CLANG_ENABLE_OBJC_WEAK = YES;
				CLANG_WARN_BLOCK_CAPTURE_AUTORELEASING = YES;
				CLANG_WARN_BOOL_CONVERSION = YES;
				CLANG_WARN_COMMA = YES;
				CLANG_WARN_CONSTANT_CONVERSION = YES;
				CLANG_WARN_DEPRECATED_OBJC_IMPLEMENTATIONS = YES;
				CLANG_WARN_DIRECT_OBJC_ISA_USAGE = YES_ERROR;
				CLANG_WARN_DOCUMENTATION_COMMENTS = YES;
				CLANG_WARN_EMPTY_BODY = YES;
				CLANG_WARN_ENUM_CONVERSION = YES;
				CLANG_WARN_INFINITE_RECURSION = YES;
				CLANG_WARN_INT_CONVERSION = YES;
				CLANG_WARN_NON_LITERAL_NULL_CONVERSION = YES;
				CLANG_WARN_OBJC_IMPLICIT_RETAIN_SELF = YES;
				CLANG_WARN_OBJC_LITERAL_CONVERSION = YES;
				CLANG_WARN_OBJC_ROOT_CLASS = YES_ERROR;
				CLANG_WARN_RANGE_LOOP_ANALYSIS = YES;
				CLANG_WARN_STRICT_PROTOTYPES = YES;
				CLANG_WARN_SUSPICIOUS_MOVE = YES;
				CLANG_WARN_UNGUARDED_AVAILABILITY = YES_AGGRESSIVE;
				CLANG_WARN_UNREACHABLE_CODE = YES;
				CLANG_WARN__DUPLICATE_METHOD_MATCH = YES;
				CODE_SIGN_IDENTITY = "Mac Developer";
				COPY_PHASE_STRIP = NO;
				DEBUG_INFORMATION_FORMAT = "dwarf-with-dsym";
				ENABLE_NS_ASSERTIONS = NO;
				ENABLE_STRICT_OBJC_MSGSEND = YES;
				GCC_C_LANGUAGE_STANDARD = gnu11;
				GCC_NO_COMMON_BLOCKS = YES;
				GCC_WARN_64_TO_32_BIT_CONVERSION = YES;
				GCC_WARN_ABOUT_RETURN_TYPE = YES_ERROR;
				GCC_WARN_UNDECLARED_SELECTOR = YES;
				GCC_WARN_UNINITIALIZED_AUTOS = YES_AGGRESSIVE;
				GCC_WARN_UNUSED_FUNCTION = YES;
				GCC_WARN_UNUSED_VARIABLE = YES;
				MACOSX_DEPLOYMENT_TARGET = 10.14;
				MTL_ENABLE_DEBUG_INFO = NO;
				MTL_FAST_MATH = YES;
				SDKROOT = macosx;
			};
			name = Release;
		};
		486E8940218F187B00C8BC5E /* Debug */ = {
			isa = XCBuildConfiguration;
			buildSettings = {
				CODE_SIGN_STYLE = Automatic;
				DEVELOPMENT_TEAM = F89HYZ4J46;
				PRODUCT_NAME = "$(TARGET_NAME)";
			};
			name = Debug;
		};
		486E8941218F187B00C8BC5E /* Release */ = {
			isa = XCBuildConfiguration;
			buildSettings = {
				CODE_SIGN_STYLE = Automatic;
				DEVELOPMENT_TEAM = F89HYZ4J46;
				PRODUCT_NAME = "$(TARGET_NAME)";
			};
			name = Release;
		};
		486E894B218F18B200C8BC5E /* Debug */ = {
			isa = XCBuildConfiguration;
			buildSettings = {
				CODE_SIGN_STYLE = Automatic;
				DEVELOPMENT_TEAM = F89HYZ4J46;
				PRODUCT_NAME = "$(TARGET_NAME)";
			};
			name = Debug;
		};
		486E894C218F18B200C8BC5E /* Release */ = {
			isa = XCBuildConfiguration;
			buildSettings = {
				CODE_SIGN_STYLE = Automatic;
				DEVELOPMENT_TEAM = F89HYZ4J46;
				PRODUCT_NAME = "$(TARGET_NAME)";
			};
			name = Release;
		};
		486E8956218F192B00C8BC5E /* Debug */ = {
			isa = XCBuildConfiguration;
			buildSettings = {
				CODE_SIGN_STYLE = Automatic;
				DEVELOPMENT_TEAM = F89HYZ4J46;
				PRODUCT_NAME = "$(TARGET_NAME)";
			};
			name = Debug;
		};
		486E8957218F192B00C8BC5E /* Release */ = {
			isa = XCBuildConfiguration;
			buildSettings = {
				CODE_SIGN_STYLE = Automatic;
				DEVELOPMENT_TEAM = F89HYZ4J46;
				PRODUCT_NAME = "$(TARGET_NAME)";
			};
			name = Release;
		};
		486E8961218F19A200C8BC5E /* Debug */ = {
			isa = XCBuildConfiguration;
			buildSettings = {
				CODE_SIGN_STYLE = Automatic;
				DEVELOPMENT_TEAM = F89HYZ4J46;
				PRODUCT_NAME = "$(TARGET_NAME)";
			};
			name = Debug;
		};
		486E8962218F19A200C8BC5E /* Release */ = {
			isa = XCBuildConfiguration;
			buildSettings = {
				CODE_SIGN_STYLE = Automatic;
				DEVELOPMENT_TEAM = F89HYZ4J46;
				PRODUCT_NAME = "$(TARGET_NAME)";
			};
			name = Release;
		};
		486E896C218F1AAC00C8BC5E /* Debug */ = {
			isa = XCBuildConfiguration;
			buildSettings = {
				CODE_SIGN_STYLE = Automatic;
				DEVELOPMENT_TEAM = F89HYZ4J46;
				PRODUCT_NAME = "$(TARGET_NAME)";
			};
			name = Debug;
		};
		486E896D218F1AAC00C8BC5E /* Release */ = {
			isa = XCBuildConfiguration;
			buildSettings = {
				CODE_SIGN_STYLE = Automatic;
				DEVELOPMENT_TEAM = F89HYZ4J46;
				PRODUCT_NAME = "$(TARGET_NAME)";
			};
			name = Release;
		};
		486E8977218F1B0200C8BC5E /* Debug */ = {
			isa = XCBuildConfiguration;
			buildSettings = {
				CODE_SIGN_STYLE = Automatic;
				DEVELOPMENT_TEAM = F89HYZ4J46;
				PRODUCT_NAME = "$(TARGET_NAME)";
			};
			name = Debug;
		};
		486E8978218F1B0200C8BC5E /* Release */ = {
			isa = XCBuildConfiguration;
			buildSettings = {
				CODE_SIGN_STYLE = Automatic;
				DEVELOPMENT_TEAM = F89HYZ4J46;
				PRODUCT_NAME = "$(TARGET_NAME)";
			};
			name = Release;
		};
		486E8982218F1B6A00C8BC5E /* Debug */ = {
			isa = XCBuildConfiguration;
			buildSettings = {
				CODE_SIGN_STYLE = Automatic;
				DEVELOPMENT_TEAM = F89HYZ4J46;
				PRODUCT_NAME = "$(TARGET_NAME)";
			};
			name = Debug;
		};
		486E8983218F1B6A00C8BC5E /* Release */ = {
			isa = XCBuildConfiguration;
			buildSettings = {
				CODE_SIGN_STYLE = Automatic;
				DEVELOPMENT_TEAM = F89HYZ4J46;
				PRODUCT_NAME = "$(TARGET_NAME)";
			};
			name = Release;
		};
		486E898D218F1B9600C8BC5E /* Debug */ = {
			isa = XCBuildConfiguration;
			buildSettings = {
				CODE_SIGN_STYLE = Automatic;
				DEVELOPMENT_TEAM = F89HYZ4J46;
				PRODUCT_NAME = "$(TARGET_NAME)";
			};
			name = Debug;
		};
		486E898E218F1B9600C8BC5E /* Release */ = {
			isa = XCBuildConfiguration;
			buildSettings = {
				CODE_SIGN_STYLE = Automatic;
				DEVELOPMENT_TEAM = F89HYZ4J46;
				PRODUCT_NAME = "$(TARGET_NAME)";
			};
			name = Release;
		};
		486E8998218F1BD000C8BC5E /* Debug */ = {
			isa = XCBuildConfiguration;
			buildSettings = {
				CODE_SIGN_STYLE = Automatic;
				DEVELOPMENT_TEAM = F89HYZ4J46;
				PRODUCT_NAME = "$(TARGET_NAME)";
			};
			name = Debug;
		};
		486E8999218F1BD000C8BC5E /* Release */ = {
			isa = XCBuildConfiguration;
			buildSettings = {
				CODE_SIGN_STYLE = Automatic;
				DEVELOPMENT_TEAM = F89HYZ4J46;
				PRODUCT_NAME = "$(TARGET_NAME)";
			};
			name = Release;
		};
		486E89A3218F1C0700C8BC5E /* Debug */ = {
			isa = XCBuildConfiguration;
			buildSettings = {
				CODE_SIGN_STYLE = Automatic;
				DEVELOPMENT_TEAM = F89HYZ4J46;
				PRODUCT_NAME = "$(TARGET_NAME)";
			};
			name = Debug;
		};
		486E89A4218F1C0700C8BC5E /* Release */ = {
			isa = XCBuildConfiguration;
			buildSettings = {
				CODE_SIGN_STYLE = Automatic;
				DEVELOPMENT_TEAM = F89HYZ4J46;
				PRODUCT_NAME = "$(TARGET_NAME)";
			};
			name = Release;
		};
		4884C7CE219172AB007550D0 /* Debug */ = {
			isa = XCBuildConfiguration;
			buildSettings = {
				CODE_SIGN_STYLE = Automatic;
				DEVELOPMENT_TEAM = F89HYZ4J46;
				PRODUCT_NAME = "$(TARGET_NAME)";
			};
			name = Debug;
		};
		4884C7CF219172AB007550D0 /* Release */ = {
			isa = XCBuildConfiguration;
			buildSettings = {
				CODE_SIGN_STYLE = Automatic;
				DEVELOPMENT_TEAM = F89HYZ4J46;
				PRODUCT_NAME = "$(TARGET_NAME)";
			};
			name = Release;
		};
		4884C7DA21930F1C007550D0 /* Debug */ = {
			isa = XCBuildConfiguration;
			buildSettings = {
				CODE_SIGN_STYLE = Automatic;
				DEVELOPMENT_TEAM = F89HYZ4J46;
				PRODUCT_NAME = "$(TARGET_NAME)";
			};
			name = Debug;
		};
		4884C7DB21930F1C007550D0 /* Release */ = {
			isa = XCBuildConfiguration;
			buildSettings = {
				CODE_SIGN_STYLE = Automatic;
				DEVELOPMENT_TEAM = F89HYZ4J46;
				PRODUCT_NAME = "$(TARGET_NAME)";
			};
			name = Release;
		};
		48BB53E021981683000F5C3C /* Debug */ = {
			isa = XCBuildConfiguration;
			buildSettings = {
				CODE_SIGN_STYLE = Automatic;
				DEVELOPMENT_TEAM = F89HYZ4J46;
				PRODUCT_NAME = "$(TARGET_NAME)";
			};
			name = Debug;
		};
		48BB53E121981683000F5C3C /* Release */ = {
			isa = XCBuildConfiguration;
			buildSettings = {
				CODE_SIGN_STYLE = Automatic;
				DEVELOPMENT_TEAM = F89HYZ4J46;
				PRODUCT_NAME = "$(TARGET_NAME)";
			};
			name = Release;
		};
		48DB318921999EA800A38B7A /* Debug */ = {
			isa = XCBuildConfiguration;
			buildSettings = {
				CODE_SIGN_STYLE = Automatic;
				DEVELOPMENT_TEAM = F89HYZ4J46;
				PRODUCT_NAME = "$(TARGET_NAME)";
			};
			name = Debug;
		};
		48DB318A21999EA800A38B7A /* Release */ = {
			isa = XCBuildConfiguration;
			buildSettings = {
				CODE_SIGN_STYLE = Automatic;
				DEVELOPMENT_TEAM = F89HYZ4J46;
				PRODUCT_NAME = "$(TARGET_NAME)";
			};
			name = Release;
		};
/* End XCBuildConfiguration section */

/* Begin XCConfigurationList section */
		4808C2DF219ED32800B0DE8A /* Build configuration list for PBXNativeTarget "rapid_product" */ = {
			isa = XCConfigurationList;
			buildConfigurations = (
				4808C2DD219ED32800B0DE8A /* Debug */,
				4808C2DE219ED32800B0DE8A /* Release */,
			);
			defaultConfigurationIsVisible = 0;
			defaultConfigurationName = Release;
		};
		4808C2EB219F28CB00B0DE8A /* Build configuration list for PBXNativeTarget "slow_multiplication_by_using_addition" */ = {
			isa = XCConfigurationList;
			buildConfigurations = (
				4808C2EC219F28CB00B0DE8A /* Debug */,
				4808C2ED219F28CB00B0DE8A /* Release */,
			);
			defaultConfigurationIsVisible = 0;
			defaultConfigurationName = Release;
		};
		4824ADA1219E98F700104D8A /* Build configuration list for PBXNativeTarget "integer_addition_vector_ver" */ = {
			isa = XCConfigurationList;
			buildConfigurations = (
				4824AD9F219E98F700104D8A /* Debug */,
				4824ADA0219E98F700104D8A /* Release */,
			);
			defaultConfigurationIsVisible = 0;
			defaultConfigurationName = Release;
		};
		48574236219430C2006151BF /* Build configuration list for PBXNativeTarget "who take my clay" */ = {
			isa = XCConfigurationList;
			buildConfigurations = (
				48574234219430C2006151BF /* Debug */,
				48574235219430C2006151BF /* Release */,
			);
			defaultConfigurationIsVisible = 0;
			defaultConfigurationName = Release;
		};
		4857423F219467D8006151BF /* Build configuration list for PBXNativeTarget "bitwise operation practice" */ = {
			isa = XCConfigurationList;
			buildConfigurations = (
				48574240219467D8006151BF /* Debug */,
				48574241219467D8006151BF /* Release */,
			);
			defaultConfigurationIsVisible = 0;
			defaultConfigurationName = Release;
		};
		4867D9A12199ECDE00A4A5FC /* Build configuration list for PBXNativeTarget "fibonacci_3" */ = {
			isa = XCConfigurationList;
			buildConfigurations = (
				4867D9A22199ECDE00A4A5FC /* Debug */,
				4867D9A32199ECDE00A4A5FC /* Release */,
			);
			defaultConfigurationIsVisible = 0;
			defaultConfigurationName = Release;
		};
		4867D9AD219AA25A00A4A5FC /* Build configuration list for PBXNativeTarget "find_square_root" */ = {
			isa = XCConfigurationList;
			buildConfigurations = (
				4867D9AE219AA25A00A4A5FC /* Debug */,
				4867D9AF219AA25A00A4A5FC /* Release */,
			);
			defaultConfigurationIsVisible = 0;
			defaultConfigurationName = Release;
		};
		4867D9B8219ABF6B00A4A5FC /* Build configuration list for PBXNativeTarget "jumping_in_array" */ = {
			isa = XCConfigurationList;
			buildConfigurations = (
				4867D9B9219ABF6B00A4A5FC /* Debug */,
				4867D9BA219ABF6B00A4A5FC /* Release */,
			);
			defaultConfigurationIsVisible = 0;
			defaultConfigurationName = Release;
		};
		4867D9C3219AC17800A4A5FC /* Build configuration list for PBXNativeTarget "template_practice_1" */ = {
			isa = XCConfigurationList;
			buildConfigurations = (
				4867D9C4219AC17800A4A5FC /* Debug */,
				4867D9C5219AC17800A4A5FC /* Release */,
			);
			defaultConfigurationIsVisible = 0;
			defaultConfigurationName = Release;
		};
		4867D9CE219B281100A4A5FC /* Build configuration list for PBXNativeTarget "digit_sum_to_pinyin_pat_1002" */ = {
			isa = XCConfigurationList;
			buildConfigurations = (
				4867D9CF219B281100A4A5FC /* Debug */,
				4867D9D0219B281100A4A5FC /* Release */,
			);
			defaultConfigurationIsVisible = 0;
			defaultConfigurationName = Release;
		};
		4867D9D9219BFE2C00A4A5FC /* Build configuration list for PBXNativeTarget "a_vector_simulation" */ = {
			isa = XCConfigurationList;
			buildConfigurations = (
				4867D9DA219BFE2C00A4A5FC /* Debug */,
				4867D9DB219BFE2C00A4A5FC /* Release */,
			);
			defaultConfigurationIsVisible = 0;
			defaultConfigurationName = Release;
		};
		4867D9E5219E67EB00A4A5FC /* Build configuration list for PBXNativeTarget "add one to the number" */ = {
			isa = XCConfigurationList;
			buildConfigurations = (
				4867D9E6219E67EB00A4A5FC /* Debug */,
				4867D9E7219E67EB00A4A5FC /* Release */,
			);
			defaultConfigurationIsVisible = 0;
			defaultConfigurationName = Release;
		};
		4867D9F2219E890400A4A5FC /* Build configuration list for PBXNativeTarget "testing_ground" */ = {
			isa = XCConfigurationList;
			buildConfigurations = (
				4867D9F3219E890400A4A5FC /* Debug */,
				4867D9F4219E890400A4A5FC /* Release */,
			);
			defaultConfigurationIsVisible = 0;
			defaultConfigurationName = Release;
		};
		48694B1E219744D400896589 /* Build configuration list for PBXNativeTarget "testing_target" */ = {
			isa = XCConfigurationList;
			buildConfigurations = (
				48694B1F219744D400896589 /* Debug */,
				48694B20219744D400896589 /* Release */,
			);
			defaultConfigurationIsVisible = 0;
			defaultConfigurationName = Release;
		};
		486E8933218F187B00C8BC5E /* Build configuration list for PBXProject "my_cpp_practice" */ = {
			isa = XCConfigurationList;
			buildConfigurations = (
				486E893D218F187B00C8BC5E /* Debug */,
				486E893E218F187B00C8BC5E /* Release */,
			);
			defaultConfigurationIsVisible = 0;
			defaultConfigurationName = Release;
		};
		486E893F218F187B00C8BC5E /* Build configuration list for PBXNativeTarget "my_cpp_practice" */ = {
			isa = XCConfigurationList;
			buildConfigurations = (
				486E8940218F187B00C8BC5E /* Debug */,
				486E8941218F187B00C8BC5E /* Release */,
			);
			defaultConfigurationIsVisible = 0;
			defaultConfigurationName = Release;
		};
		486E894A218F18B200C8BC5E /* Build configuration list for PBXNativeTarget "addition_by_string" */ = {
			isa = XCConfigurationList;
			buildConfigurations = (
				486E894B218F18B200C8BC5E /* Debug */,
				486E894C218F18B200C8BC5E /* Release */,
			);
			defaultConfigurationIsVisible = 0;
			defaultConfigurationName = Release;
		};
		486E8955218F192B00C8BC5E /* Build configuration list for PBXNativeTarget "Bisection method (For linear)" */ = {
			isa = XCConfigurationList;
			buildConfigurations = (
				486E8956218F192B00C8BC5E /* Debug */,
				486E8957218F192B00C8BC5E /* Release */,
			);
			defaultConfigurationIsVisible = 0;
			defaultConfigurationName = Release;
		};
		486E8960218F19A200C8BC5E /* Build configuration list for PBXNativeTarget "Palindrome string" */ = {
			isa = XCConfigurationList;
			buildConfigurations = (
				486E8961218F19A200C8BC5E /* Debug */,
				486E8962218F19A200C8BC5E /* Release */,
			);
			defaultConfigurationIsVisible = 0;
			defaultConfigurationName = Release;
		};
		486E896B218F1AAC00C8BC5E /* Build configuration list for PBXNativeTarget "Faster fibonacci by using array" */ = {
			isa = XCConfigurationList;
			buildConfigurations = (
				486E896C218F1AAC00C8BC5E /* Debug */,
				486E896D218F1AAC00C8BC5E /* Release */,
			);
			defaultConfigurationIsVisible = 0;
			defaultConfigurationName = Release;
		};
		486E8976218F1B0200C8BC5E /* Build configuration list for PBXNativeTarget "Find the number of palindrome substring" */ = {
			isa = XCConfigurationList;
			buildConfigurations = (
				486E8977218F1B0200C8BC5E /* Debug */,
				486E8978218F1B0200C8BC5E /* Release */,
			);
			defaultConfigurationIsVisible = 0;
			defaultConfigurationName = Release;
		};
		486E8981218F1B6A00C8BC5E /* Build configuration list for PBXNativeTarget "Last three number" */ = {
			isa = XCConfigurationList;
			buildConfigurations = (
				486E8982218F1B6A00C8BC5E /* Debug */,
				486E8983218F1B6A00C8BC5E /* Release */,
			);
			defaultConfigurationIsVisible = 0;
			defaultConfigurationName = Release;
		};
		486E898C218F1B9600C8BC5E /* Build configuration list for PBXNativeTarget "Print numerical trapezium" */ = {
			isa = XCConfigurationList;
			buildConfigurations = (
				486E898D218F1B9600C8BC5E /* Debug */,
				486E898E218F1B9600C8BC5E /* Release */,
			);
			defaultConfigurationIsVisible = 0;
			defaultConfigurationName = Release;
		};
		486E8997218F1BD000C8BC5E /* Build configuration list for PBXNativeTarget "Reverse a matrix" */ = {
			isa = XCConfigurationList;
			buildConfigurations = (
				486E8998218F1BD000C8BC5E /* Debug */,
				486E8999218F1BD000C8BC5E /* Release */,
			);
			defaultConfigurationIsVisible = 0;
			defaultConfigurationName = Release;
		};
		486E89A2218F1C0700C8BC5E /* Build configuration list for PBXNativeTarget "who_got_the_biggest_number" */ = {
			isa = XCConfigurationList;
			buildConfigurations = (
				486E89A3218F1C0700C8BC5E /* Debug */,
				486E89A4218F1C0700C8BC5E /* Release */,
			);
			defaultConfigurationIsVisible = 0;
			defaultConfigurationName = Release;
		};
		4884C7D0219172AB007550D0 /* Build configuration list for PBXNativeTarget "wing of liberty - starcraft" */ = {
			isa = XCConfigurationList;
			buildConfigurations = (
				4884C7CE219172AB007550D0 /* Debug */,
				4884C7CF219172AB007550D0 /* Release */,
			);
			defaultConfigurationIsVisible = 0;
			defaultConfigurationName = Release;
		};
		4884C7D921930F1C007550D0 /* Build configuration list for PBXNativeTarget "vector practice" */ = {
			isa = XCConfigurationList;
			buildConfigurations = (
				4884C7DA21930F1C007550D0 /* Debug */,
				4884C7DB21930F1C007550D0 /* Release */,
			);
			defaultConfigurationIsVisible = 0;
			defaultConfigurationName = Release;
		};
		48BB53E221981683000F5C3C /* Build configuration list for PBXNativeTarget "roman_to_decimal" */ = {
			isa = XCConfigurationList;
			buildConfigurations = (
				48BB53E021981683000F5C3C /* Debug */,
				48BB53E121981683000F5C3C /* Release */,
			);
			defaultConfigurationIsVisible = 0;
			defaultConfigurationName = Release;
		};
		48DB318821999EA800A38B7A /* Build configuration list for PBXNativeTarget "find_element_with_no_repetion" */ = {
			isa = XCConfigurationList;
			buildConfigurations = (
				48DB318921999EA800A38B7A /* Debug */,
				48DB318A21999EA800A38B7A /* Release */,
			);
			defaultConfigurationIsVisible = 0;
			defaultConfigurationName = Release;
		};
/* End XCConfigurationList section */
	};
	rootObject = 486E8930218F187B00C8BC5E /* Project object */;
}
