// !$*UTF8*$!
{
	archiveVersion = 1;
	classes = {
	};
	objectVersion = 50;
	objects = {

/* Begin PBXBuildFile section */
		48574233219430C2006151BF /* main.cpp in Sources */ = {isa = PBXBuildFile; fileRef = 48574232219430C2006151BF /* main.cpp */; };
		4857423E219467D8006151BF /* main.cpp in Sources */ = {isa = PBXBuildFile; fileRef = 4857423D219467D8006151BF /* main.cpp */; };
		4857424A219563CF006151BF /* vector_practice_2.cpp in Sources */ = {isa = PBXBuildFile; fileRef = 48574249219563CF006151BF /* vector_practice_2.cpp */; };
		48694B1D219744D400896589 /* main.cpp in Sources */ = {isa = PBXBuildFile; fileRef = 48694B1C219744D400896589 /* main.cpp */; };
		486E893C218F187B00C8BC5E /* main.cpp in Sources */ = {isa = PBXBuildFile; fileRef = 486E893B218F187B00C8BC5E /* main.cpp */; };
		486E8949218F18B200C8BC5E /* main.cpp in Sources */ = {isa = PBXBuildFile; fileRef = 486E8948218F18B200C8BC5E /* main.cpp */; };
		486E8954218F192B00C8BC5E /* main.cpp in Sources */ = {isa = PBXBuildFile; fileRef = 486E8953218F192B00C8BC5E /* main.cpp */; };
		486E895F218F19A200C8BC5E /* main.cpp in Sources */ = {isa = PBXBuildFile; fileRef = 486E895E218F19A200C8BC5E /* main.cpp */; };
		486E896A218F1AAC00C8BC5E /* main.cpp in Sources */ = {isa = PBXBuildFile; fileRef = 486E8969218F1AAC00C8BC5E /* main.cpp */; };
		486E8975218F1B0200C8BC5E /* main.cpp in Sources */ = {isa = PBXBuildFile; fileRef = 486E8974218F1B0200C8BC5E /* main.cpp */; };
		486E8980218F1B6A00C8BC5E /* main.cpp in Sources */ = {isa = PBXBuildFile; fileRef = 486E897F218F1B6A00C8BC5E /* main.cpp */; };
		486E898B218F1B9600C8BC5E /* main.cpp in Sources */ = {isa = PBXBuildFile; fileRef = 486E898A218F1B9600C8BC5E /* main.cpp */; };
		486E8996218F1BD000C8BC5E /* main.cpp in Sources */ = {isa = PBXBuildFile; fileRef = 486E8995218F1BD000C8BC5E /* main.cpp */; };
		486E89A1218F1C0700C8BC5E /* main.cpp in Sources */ = {isa = PBXBuildFile; fileRef = 486E89A0218F1C0700C8BC5E /* main.cpp */; };
		4884C7CD219172AB007550D0 /* main.cpp in Sources */ = {isa = PBXBuildFile; fileRef = 4884C7CC219172AB007550D0 /* main.cpp */; };
/* End PBXBuildFile section */

/* Begin PBXCopyFilesBuildPhase section */
		4857422E219430C2006151BF /* CopyFiles */ = {
			isa = PBXCopyFilesBuildPhase;
			buildActionMask = 2147483647;
			dstPath = /usr/share/man/man1/;
			dstSubfolderSpec = 0;
			files = (
			);
			runOnlyForDeploymentPostprocessing = 1;
		};
		48574239219467D8006151BF /* CopyFiles */ = {
			isa = PBXCopyFilesBuildPhase;
			buildActionMask = 2147483647;
			dstPath = /usr/share/man/man1/;
			dstSubfolderSpec = 0;
			files = (
			);
			runOnlyForDeploymentPostprocessing = 1;
		};
		48694B18219744D400896589 /* CopyFiles */ = {
			isa = PBXCopyFilesBuildPhase;
			buildActionMask = 2147483647;
			dstPath = /usr/share/man/man1/;
			dstSubfolderSpec = 0;
			files = (
			);
			runOnlyForDeploymentPostprocessing = 1;
		};
		486E8936218F187B00C8BC5E /* CopyFiles */ = {
			isa = PBXCopyFilesBuildPhase;
			buildActionMask = 2147483647;
			dstPath = /usr/share/man/man1/;
			dstSubfolderSpec = 0;
			files = (
			);
			runOnlyForDeploymentPostprocessing = 1;
		};
		486E8944218F18B200C8BC5E /* CopyFiles */ = {
			isa = PBXCopyFilesBuildPhase;
			buildActionMask = 2147483647;
			dstPath = /usr/share/man/man1/;
			dstSubfolderSpec = 0;
			files = (
			);
			runOnlyForDeploymentPostprocessing = 1;
		};
		486E894F218F192B00C8BC5E /* CopyFiles */ = {
			isa = PBXCopyFilesBuildPhase;
			buildActionMask = 2147483647;
			dstPath = /usr/share/man/man1/;
			dstSubfolderSpec = 0;
			files = (
			);
			runOnlyForDeploymentPostprocessing = 1;
		};
		486E895A218F19A200C8BC5E /* CopyFiles */ = {
			isa = PBXCopyFilesBuildPhase;
			buildActionMask = 2147483647;
			dstPath = /usr/share/man/man1/;
			dstSubfolderSpec = 0;
			files = (
			);
			runOnlyForDeploymentPostprocessing = 1;
		};
		486E8965218F1AAC00C8BC5E /* CopyFiles */ = {
			isa = PBXCopyFilesBuildPhase;
			buildActionMask = 2147483647;
			dstPath = /usr/share/man/man1/;
			dstSubfolderSpec = 0;
			files = (
			);
			runOnlyForDeploymentPostprocessing = 1;
		};
		486E8970218F1B0200C8BC5E /* CopyFiles */ = {
			isa = PBXCopyFilesBuildPhase;
			buildActionMask = 2147483647;
			dstPath = /usr/share/man/man1/;
			dstSubfolderSpec = 0;
			files = (
			);
			runOnlyForDeploymentPostprocessing = 1;
		};
		486E897B218F1B6A00C8BC5E /* CopyFiles */ = {
			isa = PBXCopyFilesBuildPhase;
			buildActionMask = 2147483647;
			dstPath = /usr/share/man/man1/;
			dstSubfolderSpec = 0;
			files = (
			);
			runOnlyForDeploymentPostprocessing = 1;
		};
		486E8986218F1B9600C8BC5E /* CopyFiles */ = {
			isa = PBXCopyFilesBuildPhase;
			buildActionMask = 2147483647;
			dstPath = /usr/share/man/man1/;
			dstSubfolderSpec = 0;
			files = (
			);
			runOnlyForDeploymentPostprocessing = 1;
		};
		486E8991218F1BD000C8BC5E /* CopyFiles */ = {
			isa = PBXCopyFilesBuildPhase;
			buildActionMask = 2147483647;
			dstPath = /usr/share/man/man1/;
			dstSubfolderSpec = 0;
			files = (
			);
			runOnlyForDeploymentPostprocessing = 1;
		};
		486E899C218F1C0700C8BC5E /* CopyFiles */ = {
			isa = PBXCopyFilesBuildPhase;
			buildActionMask = 2147483647;
			dstPath = /usr/share/man/man1/;
			dstSubfolderSpec = 0;
			files = (
			);
			runOnlyForDeploymentPostprocessing = 1;
		};
		4884C7C8219172AB007550D0 /* CopyFiles */ = {
			isa = PBXCopyFilesBuildPhase;
			buildActionMask = 2147483647;
			dstPath = /usr/share/man/man1/;
			dstSubfolderSpec = 0;
			files = (
			);
			runOnlyForDeploymentPostprocessing = 1;
		};
		4884C7D321930F1C007550D0 /* CopyFiles */ = {
			isa = PBXCopyFilesBuildPhase;
			buildActionMask = 2147483647;
			dstPath = /usr/share/man/man1/;
			dstSubfolderSpec = 0;
			files = (
			);
			runOnlyForDeploymentPostprocessing = 1;
		};
/* End PBXCopyFilesBuildPhase section */

/* Begin PBXFileReference section */
		48574230219430C2006151BF /* who take my clay */ = {isa = PBXFileReference; explicitFileType = "compiled.mach-o.executable"; includeInIndex = 0; path = "who take my clay"; sourceTree = BUILT_PRODUCTS_DIR; };
		48574232219430C2006151BF /* main.cpp */ = {isa = PBXFileReference; lastKnownFileType = sourcecode.cpp.cpp; path = main.cpp; sourceTree = "<group>"; };
		4857423B219467D8006151BF /* bitwise operation practice */ = {isa = PBXFileReference; explicitFileType = "compiled.mach-o.executable"; includeInIndex = 0; path = "bitwise operation practice"; sourceTree = BUILT_PRODUCTS_DIR; };
		4857423D219467D8006151BF /* main.cpp */ = {isa = PBXFileReference; lastKnownFileType = sourcecode.cpp.cpp; path = main.cpp; sourceTree = "<group>"; };
		48574249219563CF006151BF /* vector_practice_2.cpp */ = {isa = PBXFileReference; lastKnownFileType = sourcecode.cpp.cpp; path = vector_practice_2.cpp; sourceTree = "<group>"; };
		48694B1A219744D400896589 /* testing_target */ = {isa = PBXFileReference; explicitFileType = "compiled.mach-o.executable"; includeInIndex = 0; path = testing_target; sourceTree = BUILT_PRODUCTS_DIR; };
		48694B1C219744D400896589 /* main.cpp */ = {isa = PBXFileReference; lastKnownFileType = sourcecode.cpp.cpp; path = main.cpp; sourceTree = "<group>"; };
		486E8938218F187B00C8BC5E /* my_cpp_practice */ = {isa = PBXFileReference; explicitFileType = "compiled.mach-o.executable"; includeInIndex = 0; path = my_cpp_practice; sourceTree = BUILT_PRODUCTS_DIR; };
		486E893B218F187B00C8BC5E /* main.cpp */ = {isa = PBXFileReference; lastKnownFileType = sourcecode.cpp.cpp; path = main.cpp; sourceTree = "<group>"; };
		486E8946218F18B200C8BC5E /* addition_by_string */ = {isa = PBXFileReference; explicitFileType = "compiled.mach-o.executable"; includeInIndex = 0; path = addition_by_string; sourceTree = BUILT_PRODUCTS_DIR; };
		486E8948218F18B200C8BC5E /* main.cpp */ = {isa = PBXFileReference; lastKnownFileType = sourcecode.cpp.cpp; path = main.cpp; sourceTree = "<group>"; };
		486E8951218F192B00C8BC5E /* Bisection method (For linear) */ = {isa = PBXFileReference; explicitFileType = "compiled.mach-o.executable"; includeInIndex = 0; path = "Bisection method (For linear)"; sourceTree = BUILT_PRODUCTS_DIR; };
		486E8953218F192B00C8BC5E /* main.cpp */ = {isa = PBXFileReference; lastKnownFileType = sourcecode.cpp.cpp; path = main.cpp; sourceTree = "<group>"; };
		486E895C218F19A200C8BC5E /* Palindrome string */ = {isa = PBXFileReference; explicitFileType = "compiled.mach-o.executable"; includeInIndex = 0; path = "Palindrome string"; sourceTree = BUILT_PRODUCTS_DIR; };
		486E895E218F19A200C8BC5E /* main.cpp */ = {isa = PBXFileReference; lastKnownFileType = sourcecode.cpp.cpp; path = main.cpp; sourceTree = "<group>"; };
		486E8967218F1AAC00C8BC5E /* Faster fibonacci by using array */ = {isa = PBXFileReference; explicitFileType = "compiled.mach-o.executable"; includeInIndex = 0; path = "Faster fibonacci by using array"; sourceTree = BUILT_PRODUCTS_DIR; };
		486E8969218F1AAC00C8BC5E /* main.cpp */ = {isa = PBXFileReference; lastKnownFileType = sourcecode.cpp.cpp; path = main.cpp; sourceTree = "<group>"; };
		486E8972218F1B0200C8BC5E /* Find the number of palindrome substring */ = {isa = PBXFileReference; explicitFileType = "compiled.mach-o.executable"; includeInIndex = 0; path = "Find the number of palindrome substring"; sourceTree = BUILT_PRODUCTS_DIR; };
		486E8974218F1B0200C8BC5E /* main.cpp */ = {isa = PBXFileReference; lastKnownFileType = sourcecode.cpp.cpp; path = main.cpp; sourceTree = "<group>"; };
		486E897D218F1B6A00C8BC5E /* Last three number */ = {isa = PBXFileReference; explicitFileType = "compiled.mach-o.executable"; includeInIndex = 0; path = "Last three number"; sourceTree = BUILT_PRODUCTS_DIR; };
		486E897F218F1B6A00C8BC5E /* main.cpp */ = {isa = PBXFileReference; lastKnownFileType = sourcecode.cpp.cpp; path = main.cpp; sourceTree = "<group>"; };
		486E8988218F1B9600C8BC5E /* Print numerical trapezium */ = {isa = PBXFileReference; explicitFileType = "compiled.mach-o.executable"; includeInIndex = 0; path = "Print numerical trapezium"; sourceTree = BUILT_PRODUCTS_DIR; };
		486E898A218F1B9600C8BC5E /* main.cpp */ = {isa = PBXFileReference; lastKnownFileType = sourcecode.cpp.cpp; path = main.cpp; sourceTree = "<group>"; };
		486E8993218F1BD000C8BC5E /* Reverse a matrix */ = {isa = PBXFileReference; explicitFileType = "compiled.mach-o.executable"; includeInIndex = 0; path = "Reverse a matrix"; sourceTree = BUILT_PRODUCTS_DIR; };
		486E8995218F1BD000C8BC5E /* main.cpp */ = {isa = PBXFileReference; lastKnownFileType = sourcecode.cpp.cpp; path = main.cpp; sourceTree = "<group>"; };
		486E899E218F1C0700C8BC5E /* who_got_the_biggest_number */ = {isa = PBXFileReference; explicitFileType = "compiled.mach-o.executable"; includeInIndex = 0; path = who_got_the_biggest_number; sourceTree = BUILT_PRODUCTS_DIR; };
		486E89A0218F1C0700C8BC5E /* main.cpp */ = {isa = PBXFileReference; lastKnownFileType = sourcecode.cpp.cpp; path = main.cpp; sourceTree = "<group>"; };
		4884C7CA219172AB007550D0 /* wing of liberty - starcraft */ = {isa = PBXFileReference; explicitFileType = "compiled.mach-o.executable"; includeInIndex = 0; path = "wing of liberty - starcraft"; sourceTree = BUILT_PRODUCTS_DIR; };
		4884C7CC219172AB007550D0 /* main.cpp */ = {isa = PBXFileReference; lastKnownFileType = sourcecode.cpp.cpp; path = main.cpp; sourceTree = "<group>"; };
		4884C7D521930F1C007550D0 /* vector practice */ = {isa = PBXFileReference; explicitFileType = "compiled.mach-o.executable"; includeInIndex = 0; path = "vector practice"; sourceTree = BUILT_PRODUCTS_DIR; };
		4884C7D721930F1C007550D0 /* vector_practice_1.cpp */ = {isa = PBXFileReference; lastKnownFileType = sourcecode.cpp.cpp; path = vector_practice_1.cpp; sourceTree = "<group>"; };
/* End PBXFileReference section */

/* Begin PBXFrameworksBuildPhase section */
		4857422D219430C2006151BF /* Frameworks */ = {
			isa = PBXFrameworksBuildPhase;
			buildActionMask = 2147483647;
			files = (
			);
			runOnlyForDeploymentPostprocessing = 0;
		};
		48574238219467D8006151BF /* Frameworks */ = {
			isa = PBXFrameworksBuildPhase;
			buildActionMask = 2147483647;
			files = (
			);
			runOnlyForDeploymentPostprocessing = 0;
		};
		48694B17219744D400896589 /* Frameworks */ = {
			isa = PBXFrameworksBuildPhase;
			buildActionMask = 2147483647;
			files = (
			);
			runOnlyForDeploymentPostprocessing = 0;
		};
		486E8935218F187B00C8BC5E /* Frameworks */ = {
			isa = PBXFrameworksBuildPhase;
			buildActionMask = 2147483647;
			files = (
			);
			runOnlyForDeploymentPostprocessing = 0;
		};
		486E8943218F18B200C8BC5E /* Frameworks */ = {
			isa = PBXFrameworksBuildPhase;
			buildActionMask = 2147483647;
			files = (
			);
			runOnlyForDeploymentPostprocessing = 0;
		};
		486E894E218F192B00C8BC5E /* Frameworks */ = {
			isa = PBXFrameworksBuildPhase;
			buildActionMask = 2147483647;
			files = (
			);
			runOnlyForDeploymentPostprocessing = 0;
		};
		486E8959218F19A200C8BC5E /* Frameworks */ = {
			isa = PBXFrameworksBuildPhase;
			buildActionMask = 2147483647;
			files = (
			);
			runOnlyForDeploymentPostprocessing = 0;
		};
		486E8964218F1AAC00C8BC5E /* Frameworks */ = {
			isa = PBXFrameworksBuildPhase;
			buildActionMask = 2147483647;
			files = (
			);
			runOnlyForDeploymentPostprocessing = 0;
		};
		486E896F218F1B0200C8BC5E /* Frameworks */ = {
			isa = PBXFrameworksBuildPhase;
			buildActionMask = 2147483647;
			files = (
			);
			runOnlyForDeploymentPostprocessing = 0;
		};
		486E897A218F1B6A00C8BC5E /* Frameworks */ = {
			isa = PBXFrameworksBuildPhase;
			buildActionMask = 2147483647;
			files = (
			);
			runOnlyForDeploymentPostprocessing = 0;
		};
		486E8985218F1B9600C8BC5E /* Frameworks */ = {
			isa = PBXFrameworksBuildPhase;
			buildActionMask = 2147483647;
			files = (
			);
			runOnlyForDeploymentPostprocessing = 0;
		};
		486E8990218F1BD000C8BC5E /* Frameworks */ = {
			isa = PBXFrameworksBuildPhase;
			buildActionMask = 2147483647;
			files = (
			);
			runOnlyForDeploymentPostprocessing = 0;
		};
		486E899B218F1C0700C8BC5E /* Frameworks */ = {
			isa = PBXFrameworksBuildPhase;
			buildActionMask = 2147483647;
			files = (
			);
			runOnlyForDeploymentPostprocessing = 0;
		};
		4884C7C7219172AB007550D0 /* Frameworks */ = {
			isa = PBXFrameworksBuildPhase;
			buildActionMask = 2147483647;
			files = (
			);
			runOnlyForDeploymentPostprocessing = 0;
		};
		4884C7D221930F1C007550D0 /* Frameworks */ = {
			isa = PBXFrameworksBuildPhase;
			buildActionMask = 2147483647;
			files = (
			);
			runOnlyForDeploymentPostprocessing = 0;
		};
/* End PBXFrameworksBuildPhase section */

/* Begin PBXGroup section */
		48574231219430C2006151BF /* who_take_my_clay */ = {
			isa = PBXGroup;
			children = (
				48574232219430C2006151BF /* main.cpp */,
			);
			path = who_take_my_clay;
			sourceTree = "<group>";
		};
		4857423C219467D8006151BF /* bitwise operation practice */ = {
			isa = PBXGroup;
			children = (
				4857423D219467D8006151BF /* main.cpp */,
			);
			path = "bitwise operation practice";
			sourceTree = "<group>";
		};
		48694B14219743EC00896589 /* string_practice */ = {
			isa = PBXGroup;
			children = (
				48694B1B219744D400896589 /* demical_to_roman */,
			);
			path = string_practice;
			sourceTree = "<group>";
		};
		48694B1B219744D400896589 /* demical_to_roman */ = {
			isa = PBXGroup;
			children = (
				48694B1C219744D400896589 /* main.cpp */,
			);
			path = demical_to_roman;
			sourceTree = "<group>";
		};
		486E892F218F187B00C8BC5E = {
			isa = PBXGroup;
			children = (
				48694B14219743EC00896589 /* string_practice */,
				486E893A218F187B00C8BC5E /* my_cpp_practice */,
				486E8947218F18B200C8BC5E /* addition_by_string */,
				486E8952218F192B00C8BC5E /* Bisection method (For linear) */,
				486E895D218F19A200C8BC5E /* Palindrome string */,
				486E8968218F1AAC00C8BC5E /* Faster fibonacci by using array */,
				486E8973218F1B0200C8BC5E /* Find the number of palindrome substring */,
				486E897E218F1B6A00C8BC5E /* Last three number */,
				486E8989218F1B9600C8BC5E /* Print numerical trapezium */,
				486E8994218F1BD000C8BC5E /* Reverse a matrix */,
				486E899F218F1C0700C8BC5E /* who_got_the_biggest_number */,
				4884C7CB219172AB007550D0 /* wing of liberty - starcraft */,
				4884C7D621930F1C007550D0 /* vector practice */,
				48574231219430C2006151BF /* who_take_my_clay */,
				4857423C219467D8006151BF /* bitwise operation practice */,
				486E8939218F187B00C8BC5E /* Products */,
			);
			sourceTree = "<group>";
		};
		486E8939218F187B00C8BC5E /* Products */ = {
			isa = PBXGroup;
			children = (
				486E8938218F187B00C8BC5E /* my_cpp_practice */,
				486E8946218F18B200C8BC5E /* addition_by_string */,
				486E8951218F192B00C8BC5E /* Bisection method (For linear) */,
				486E895C218F19A200C8BC5E /* Palindrome string */,
				486E8967218F1AAC00C8BC5E /* Faster fibonacci by using array */,
				486E8972218F1B0200C8BC5E /* Find the number of palindrome substring */,
				486E897D218F1B6A00C8BC5E /* Last three number */,
				486E8988218F1B9600C8BC5E /* Print numerical trapezium */,
				486E8993218F1BD000C8BC5E /* Reverse a matrix */,
				486E899E218F1C0700C8BC5E /* who_got_the_biggest_number */,
				4884C7CA219172AB007550D0 /* wing of liberty - starcraft */,
				4884C7D521930F1C007550D0 /* vector practice */,
				48574230219430C2006151BF /* who take my clay */,
				4857423B219467D8006151BF /* bitwise operation practice */,
				48694B1A219744D400896589 /* testing_target */,
			);
			name = Products;
			sourceTree = "<group>";
		};
		486E893A218F187B00C8BC5E /* my_cpp_practice */ = {
			isa = PBXGroup;
			children = (
				486E893B218F187B00C8BC5E /* main.cpp */,
			);
			path = my_cpp_practice;
			sourceTree = "<group>";
		};
		486E8947218F18B200C8BC5E /* addition_by_string */ = {
			isa = PBXGroup;
			children = (
				486E8948218F18B200C8BC5E /* main.cpp */,
			);
			path = addition_by_string;
			sourceTree = "<group>";
		};
		486E8952218F192B00C8BC5E /* Bisection method (For linear) */ = {
			isa = PBXGroup;
			children = (
				486E8953218F192B00C8BC5E /* main.cpp */,
			);
			path = "Bisection method (For linear)";
			sourceTree = "<group>";
		};
		486E895D218F19A200C8BC5E /* Palindrome string */ = {
			isa = PBXGroup;
			children = (
				486E895E218F19A200C8BC5E /* main.cpp */,
			);
			path = "Palindrome string";
			sourceTree = "<group>";
		};
		486E8968218F1AAC00C8BC5E /* Faster fibonacci by using array */ = {
			isa = PBXGroup;
			children = (
				486E8969218F1AAC00C8BC5E /* main.cpp */,
			);
			path = "Faster fibonacci by using array";
			sourceTree = "<group>";
		};
		486E8973218F1B0200C8BC5E /* Find the number of palindrome substring */ = {
			isa = PBXGroup;
			children = (
				486E8974218F1B0200C8BC5E /* main.cpp */,
			);
			path = "Find the number of palindrome substring";
			sourceTree = "<group>";
		};
		486E897E218F1B6A00C8BC5E /* Last three number */ = {
			isa = PBXGroup;
			children = (
				486E897F218F1B6A00C8BC5E /* main.cpp */,
			);
			path = "Last three number";
			sourceTree = "<group>";
		};
		486E8989218F1B9600C8BC5E /* Print numerical trapezium */ = {
			isa = PBXGroup;
			children = (
				486E898A218F1B9600C8BC5E /* main.cpp */,
			);
			path = "Print numerical trapezium";
			sourceTree = "<group>";
		};
		486E8994218F1BD000C8BC5E /* Reverse a matrix */ = {
			isa = PBXGroup;
			children = (
				486E8995218F1BD000C8BC5E /* main.cpp */,
			);
			path = "Reverse a matrix";
			sourceTree = "<group>";
		};
		486E899F218F1C0700C8BC5E /* who_got_the_biggest_number */ = {
			isa = PBXGroup;
			children = (
				486E89A0218F1C0700C8BC5E /* main.cpp */,
			);
			path = who_got_the_biggest_number;
			sourceTree = "<group>";
		};
		4884C7CB219172AB007550D0 /* wing of liberty - starcraft */ = {
			isa = PBXGroup;
			children = (
				4884C7CC219172AB007550D0 /* main.cpp */,
			);
			path = "wing of liberty - starcraft";
			sourceTree = "<group>";
		};
		4884C7D621930F1C007550D0 /* vector practice */ = {
			isa = PBXGroup;
			children = (
				4884C7D721930F1C007550D0 /* vector_practice_1.cpp */,
				48574249219563CF006151BF /* vector_practice_2.cpp */,
			);
			path = "vector practice";
			sourceTree = "<group>";
		};
/* End PBXGroup section */

/* Begin PBXNativeTarget section */
		4857422F219430C2006151BF /* who take my clay */ = {
			isa = PBXNativeTarget;
			buildConfigurationList = 48574236219430C2006151BF /* Build configuration list for PBXNativeTarget "who take my clay" */;
			buildPhases = (
				4857422C219430C2006151BF /* Sources */,
				4857422D219430C2006151BF /* Frameworks */,
				4857422E219430C2006151BF /* CopyFiles */,
			);
			buildRules = (
			);
			dependencies = (
			);
			name = "who take my clay";
			productName = "who take my clay";
			productReference = 48574230219430C2006151BF /* who take my clay */;
			productType = "com.apple.product-type.tool";
		};
		4857423A219467D8006151BF /* bitwise operation practice */ = {
			isa = PBXNativeTarget;
			buildConfigurationList = 4857423F219467D8006151BF /* Build configuration list for PBXNativeTarget "bitwise operation practice" */;
			buildPhases = (
				48574237219467D8006151BF /* Sources */,
				48574238219467D8006151BF /* Frameworks */,
				48574239219467D8006151BF /* CopyFiles */,
			);
			buildRules = (
			);
			dependencies = (
			);
			name = "bitwise operation practice";
			productName = "bitwise operation practice";
			productReference = 4857423B219467D8006151BF /* bitwise operation practice */;
			productType = "com.apple.product-type.tool";
		};
		48694B19219744D400896589 /* testing_target */ = {
			isa = PBXNativeTarget;
			buildConfigurationList = 48694B1E219744D400896589 /* Build configuration list for PBXNativeTarget "testing_target" */;
			buildPhases = (
				48694B16219744D400896589 /* Sources */,
				48694B17219744D400896589 /* Frameworks */,
				48694B18219744D400896589 /* CopyFiles */,
			);
			buildRules = (
			);
			dependencies = (
			);
			name = testing_target;
			productName = testing_target;
			productReference = 48694B1A219744D400896589 /* testing_target */;
			productType = "com.apple.product-type.tool";
		};
		486E8937218F187B00C8BC5E /* my_cpp_practice */ = {
			isa = PBXNativeTarget;
			buildConfigurationList = 486E893F218F187B00C8BC5E /* Build configuration list for PBXNativeTarget "my_cpp_practice" */;
			buildPhases = (
				486E8934218F187B00C8BC5E /* Sources */,
				486E8935218F187B00C8BC5E /* Frameworks */,
				486E8936218F187B00C8BC5E /* CopyFiles */,
			);
			buildRules = (
			);
			dependencies = (
			);
			name = my_cpp_practice;
			productName = my_cpp_practice;
			productReference = 486E8938218F187B00C8BC5E /* my_cpp_practice */;
			productType = "com.apple.product-type.tool";
		};
		486E8945218F18B200C8BC5E /* addition_by_string */ = {
			isa = PBXNativeTarget;
			buildConfigurationList = 486E894A218F18B200C8BC5E /* Build configuration list for PBXNativeTarget "addition_by_string" */;
			buildPhases = (
				486E8942218F18B200C8BC5E /* Sources */,
				486E8943218F18B200C8BC5E /* Frameworks */,
				486E8944218F18B200C8BC5E /* CopyFiles */,
			);
			buildRules = (
			);
			dependencies = (
			);
			name = addition_by_string;
			productName = addition_by_string;
			productReference = 486E8946218F18B200C8BC5E /* addition_by_string */;
			productType = "com.apple.product-type.tool";
		};
		486E8950218F192B00C8BC5E /* Bisection method (For linear) */ = {
			isa = PBXNativeTarget;
			buildConfigurationList = 486E8955218F192B00C8BC5E /* Build configuration list for PBXNativeTarget "Bisection method (For linear)" */;
			buildPhases = (
				486E894D218F192B00C8BC5E /* Sources */,
				486E894E218F192B00C8BC5E /* Frameworks */,
				486E894F218F192B00C8BC5E /* CopyFiles */,
			);
			buildRules = (
			);
			dependencies = (
			);
			name = "Bisection method (For linear)";
			productName = "Bisection method (For linear)";
			productReference = 486E8951218F192B00C8BC5E /* Bisection method (For linear) */;
			productType = "com.apple.product-type.tool";
		};
		486E895B218F19A200C8BC5E /* Palindrome string */ = {
			isa = PBXNativeTarget;
			buildConfigurationList = 486E8960218F19A200C8BC5E /* Build configuration list for PBXNativeTarget "Palindrome string" */;
			buildPhases = (
				486E8958218F19A200C8BC5E /* Sources */,
				486E8959218F19A200C8BC5E /* Frameworks */,
				486E895A218F19A200C8BC5E /* CopyFiles */,
			);
			buildRules = (
			);
			dependencies = (
			);
			name = "Palindrome string";
			productName = "Palindrome string";
			productReference = 486E895C218F19A200C8BC5E /* Palindrome string */;
			productType = "com.apple.product-type.tool";
		};
		486E8966218F1AAC00C8BC5E /* Faster fibonacci by using array */ = {
			isa = PBXNativeTarget;
			buildConfigurationList = 486E896B218F1AAC00C8BC5E /* Build configuration list for PBXNativeTarget "Faster fibonacci by using array" */;
			buildPhases = (
				486E8963218F1AAC00C8BC5E /* Sources */,
				486E8964218F1AAC00C8BC5E /* Frameworks */,
				486E8965218F1AAC00C8BC5E /* CopyFiles */,
			);
			buildRules = (
			);
			dependencies = (
			);
			name = "Faster fibonacci by using array";
			productName = "Faster fibonacci by using array";
			productReference = 486E8967218F1AAC00C8BC5E /* Faster fibonacci by using array */;
			productType = "com.apple.product-type.tool";
		};
		486E8971218F1B0200C8BC5E /* Find the number of palindrome substring */ = {
			isa = PBXNativeTarget;
			buildConfigurationList = 486E8976218F1B0200C8BC5E /* Build configuration list for PBXNativeTarget "Find the number of palindrome substring" */;
			buildPhases = (
				486E896E218F1B0200C8BC5E /* Sources */,
				486E896F218F1B0200C8BC5E /* Frameworks */,
				486E8970218F1B0200C8BC5E /* CopyFiles */,
			);
			buildRules = (
			);
			dependencies = (
			);
			name = "Find the number of palindrome substring";
			productName = "Find the number of palindrome substring";
			productReference = 486E8972218F1B0200C8BC5E /* Find the number of palindrome substring */;
			productType = "com.apple.product-type.tool";
		};
		486E897C218F1B6A00C8BC5E /* Last three number */ = {
			isa = PBXNativeTarget;
			buildConfigurationList = 486E8981218F1B6A00C8BC5E /* Build configuration list for PBXNativeTarget "Last three number" */;
			buildPhases = (
				486E8979218F1B6A00C8BC5E /* Sources */,
				486E897A218F1B6A00C8BC5E /* Frameworks */,
				486E897B218F1B6A00C8BC5E /* CopyFiles */,
			);
			buildRules = (
			);
			dependencies = (
			);
			name = "Last three number";
			productName = "Last three number";
			productReference = 486E897D218F1B6A00C8BC5E /* Last three number */;
			productType = "com.apple.product-type.tool";
		};
		486E8987218F1B9600C8BC5E /* Print numerical trapezium */ = {
			isa = PBXNativeTarget;
			buildConfigurationList = 486E898C218F1B9600C8BC5E /* Build configuration list for PBXNativeTarget "Print numerical trapezium" */;
			buildPhases = (
				486E8984218F1B9600C8BC5E /* Sources */,
				486E8985218F1B9600C8BC5E /* Frameworks */,
				486E8986218F1B9600C8BC5E /* CopyFiles */,
			);
			buildRules = (
			);
			dependencies = (
			);
			name = "Print numerical trapezium";
			productName = "Print numerical trapezium";
			productReference = 486E8988218F1B9600C8BC5E /* Print numerical trapezium */;
			productType = "com.apple.product-type.tool";
		};
		486E8992218F1BD000C8BC5E /* Reverse a matrix */ = {
			isa = PBXNativeTarget;
			buildConfigurationList = 486E8997218F1BD000C8BC5E /* Build configuration list for PBXNativeTarget "Reverse a matrix" */;
			buildPhases = (
				486E898F218F1BD000C8BC5E /* Sources */,
				486E8990218F1BD000C8BC5E /* Frameworks */,
				486E8991218F1BD000C8BC5E /* CopyFiles */,
			);
			buildRules = (
			);
			dependencies = (
			);
			name = "Reverse a matrix";
			productName = "Reverse a matrix";
			productReference = 486E8993218F1BD000C8BC5E /* Reverse a matrix */;
			productType = "com.apple.product-type.tool";
		};
		486E899D218F1C0700C8BC5E /* who_got_the_biggest_number */ = {
			isa = PBXNativeTarget;
			buildConfigurationList = 486E89A2218F1C0700C8BC5E /* Build configuration list for PBXNativeTarget "who_got_the_biggest_number" */;
			buildPhases = (
				486E899A218F1C0700C8BC5E /* Sources */,
				486E899B218F1C0700C8BC5E /* Frameworks */,
				486E899C218F1C0700C8BC5E /* CopyFiles */,
			);
			buildRules = (
			);
			dependencies = (
			);
			name = who_got_the_biggest_number;
			productName = who_got_the_biggest_number;
			productReference = 486E899E218F1C0700C8BC5E /* who_got_the_biggest_number */;
			productType = "com.apple.product-type.tool";
		};
		4884C7C9219172AB007550D0 /* wing of liberty - starcraft */ = {
			isa = PBXNativeTarget;
			buildConfigurationList = 4884C7D0219172AB007550D0 /* Build configuration list for PBXNativeTarget "wing of liberty - starcraft" */;
			buildPhases = (
				4884C7C6219172AB007550D0 /* Sources */,
				4884C7C7219172AB007550D0 /* Frameworks */,
				4884C7C8219172AB007550D0 /* CopyFiles */,
			);
			buildRules = (
			);
			dependencies = (
			);
			name = "wing of liberty - starcraft";
			productName = "wing of liberty - starcraft";
			productReference = 4884C7CA219172AB007550D0 /* wing of liberty - starcraft */;
			productType = "com.apple.product-type.tool";
		};
		4884C7D421930F1C007550D0 /* vector practice */ = {
			isa = PBXNativeTarget;
			buildConfigurationList = 4884C7D921930F1C007550D0 /* Build configuration list for PBXNativeTarget "vector practice" */;
			buildPhases = (
				4884C7D121930F1C007550D0 /* Sources */,
				4884C7D221930F1C007550D0 /* Frameworks */,
				4884C7D321930F1C007550D0 /* CopyFiles */,
			);
			buildRules = (
			);
			dependencies = (
			);
			name = "vector practice";
			productName = "vector practice";
			productReference = 4884C7D521930F1C007550D0 /* vector practice */;
			productType = "com.apple.product-type.tool";
		};
/* End PBXNativeTarget section */

/* Begin PBXProject section */
		486E8930218F187B00C8BC5E /* Project object */ = {
			isa = PBXProject;
			attributes = {
				LastUpgradeCheck = 1000;
				ORGANIZATIONNAME = "Michael Hui";
				TargetAttributes = {
					4857422F219430C2006151BF = {
						CreatedOnToolsVersion = 10.0;
					};
					4857423A219467D8006151BF = {
						CreatedOnToolsVersion = 10.0;
					};
					48694B19219744D400896589 = {
						CreatedOnToolsVersion = 10.0;
					};
					486E8937218F187B00C8BC5E = {
						CreatedOnToolsVersion = 10.0;
					};
					486E8945218F18B200C8BC5E = {
						CreatedOnToolsVersion = 10.0;
					};
					486E8950218F192B00C8BC5E = {
						CreatedOnToolsVersion = 10.0;
					};
					486E895B218F19A200C8BC5E = {
						CreatedOnToolsVersion = 10.0;
					};
					486E8966218F1AAC00C8BC5E = {
						CreatedOnToolsVersion = 10.0;
					};
					486E8971218F1B0200C8BC5E = {
						CreatedOnToolsVersion = 10.0;
					};
					486E897C218F1B6A00C8BC5E = {
						CreatedOnToolsVersion = 10.0;
					};
					486E8987218F1B9600C8BC5E = {
						CreatedOnToolsVersion = 10.0;
					};
					486E8992218F1BD000C8BC5E = {
						CreatedOnToolsVersion = 10.0;
					};
					486E899D218F1C0700C8BC5E = {
						CreatedOnToolsVersion = 10.0;
					};
					4884C7C9219172AB007550D0 = {
						CreatedOnToolsVersion = 10.0;
					};
					4884C7D421930F1C007550D0 = {
						CreatedOnToolsVersion = 10.0;
					};
				};
			};
			buildConfigurationList = 486E8933218F187B00C8BC5E /* Build configuration list for PBXProject "my_cpp_practice" */;
			compatibilityVersion = "Xcode 9.3";
			developmentRegion = en;
			hasScannedForEncodings = 0;
			knownRegions = (
				en,
			);
			mainGroup = 486E892F218F187B00C8BC5E;
			productRefGroup = 486E8939218F187B00C8BC5E /* Products */;
			projectDirPath = "";
			projectRoot = "";
			targets = (
				486E8937218F187B00C8BC5E /* my_cpp_practice */,
				486E8945218F18B200C8BC5E /* addition_by_string */,
				486E8950218F192B00C8BC5E /* Bisection method (For linear) */,
				486E895B218F19A200C8BC5E /* Palindrome string */,
				486E8966218F1AAC00C8BC5E /* Faster fibonacci by using array */,
				486E8971218F1B0200C8BC5E /* Find the number of palindrome substring */,
				486E897C218F1B6A00C8BC5E /* Last three number */,
				486E8987218F1B9600C8BC5E /* Print numerical trapezium */,
				486E8992218F1BD000C8BC5E /* Reverse a matrix */,
				486E899D218F1C0700C8BC5E /* who_got_the_biggest_number */,
				4884C7C9219172AB007550D0 /* wing of liberty - starcraft */,
				4884C7D421930F1C007550D0 /* vector practice */,
				4857422F219430C2006151BF /* who take my clay */,
				4857423A219467D8006151BF /* bitwise operation practice */,
				48694B19219744D400896589 /* testing_target */,
			);
		};
/* End PBXProject section */

/* Begin PBXSourcesBuildPhase section */
		4857422C219430C2006151BF /* Sources */ = {
			isa = PBXSourcesBuildPhase;
			buildActionMask = 2147483647;
			files = (
				48574233219430C2006151BF /* main.cpp in Sources */,
			);
			runOnlyForDeploymentPostprocessing = 0;
		};
		48574237219467D8006151BF /* Sources */ = {
			isa = PBXSourcesBuildPhase;
			buildActionMask = 2147483647;
			files = (
				4857423E219467D8006151BF /* main.cpp in Sources */,
			);
			runOnlyForDeploymentPostprocessing = 0;
		};
		48694B16219744D400896589 /* Sources */ = {
			isa = PBXSourcesBuildPhase;
			buildActionMask = 2147483647;
			files = (
				48694B1D219744D400896589 /* main.cpp in Sources */,
			);
			runOnlyForDeploymentPostprocessing = 0;
		};
		486E8934218F187B00C8BC5E /* Sources */ = {
			isa = PBXSourcesBuildPhase;
			buildActionMask = 2147483647;
			files = (
				486E893C218F187B00C8BC5E /* main.cpp in Sources */,
			);
			runOnlyForDeploymentPostprocessing = 0;
		};
		486E8942218F18B200C8BC5E /* Sources */ = {
			isa = PBXSourcesBuildPhase;
			buildActionMask = 2147483647;
			files = (
				486E8949218F18B200C8BC5E /* main.cpp in Sources */,
			);
			runOnlyForDeploymentPostprocessing = 0;
		};
		486E894D218F192B00C8BC5E /* Sources */ = {
			isa = PBXSourcesBuildPhase;
			buildActionMask = 2147483647;
			files = (
				486E8954218F192B00C8BC5E /* main.cpp in Sources */,
			);
			runOnlyForDeploymentPostprocessing = 0;
		};
		486E8958218F19A200C8BC5E /* Sources */ = {
			isa = PBXSourcesBuildPhase;
			buildActionMask = 2147483647;
			files = (
				486E895F218F19A200C8BC5E /* main.cpp in Sources */,
			);
			runOnlyForDeploymentPostprocessing = 0;
		};
		486E8963218F1AAC00C8BC5E /* Sources */ = {
			isa = PBXSourcesBuildPhase;
			buildActionMask = 2147483647;
			files = (
				486E896A218F1AAC00C8BC5E /* main.cpp in Sources */,
			);
			runOnlyForDeploymentPostprocessing = 0;
		};
		486E896E218F1B0200C8BC5E /* Sources */ = {
			isa = PBXSourcesBuildPhase;
			buildActionMask = 2147483647;
			files = (
				486E8975218F1B0200C8BC5E /* main.cpp in Sources */,
			);
			runOnlyForDeploymentPostprocessing = 0;
		};
		486E8979218F1B6A00C8BC5E /* Sources */ = {
			isa = PBXSourcesBuildPhase;
			buildActionMask = 2147483647;
			files = (
				486E8980218F1B6A00C8BC5E /* main.cpp in Sources */,
			);
			runOnlyForDeploymentPostprocessing = 0;
		};
		486E8984218F1B9600C8BC5E /* Sources */ = {
			isa = PBXSourcesBuildPhase;
			buildActionMask = 2147483647;
			files = (
				486E898B218F1B9600C8BC5E /* main.cpp in Sources */,
			);
			runOnlyForDeploymentPostprocessing = 0;
		};
		486E898F218F1BD000C8BC5E /* Sources */ = {
			isa = PBXSourcesBuildPhase;
			buildActionMask = 2147483647;
			files = (
				486E8996218F1BD000C8BC5E /* main.cpp in Sources */,
			);
			runOnlyForDeploymentPostprocessing = 0;
		};
		486E899A218F1C0700C8BC5E /* Sources */ = {
			isa = PBXSourcesBuildPhase;
			buildActionMask = 2147483647;
			files = (
				486E89A1218F1C0700C8BC5E /* main.cpp in Sources */,
			);
			runOnlyForDeploymentPostprocessing = 0;
		};
		4884C7C6219172AB007550D0 /* Sources */ = {
			isa = PBXSourcesBuildPhase;
			buildActionMask = 2147483647;
			files = (
				4884C7CD219172AB007550D0 /* main.cpp in Sources */,
			);
			runOnlyForDeploymentPostprocessing = 0;
		};
		4884C7D121930F1C007550D0 /* Sources */ = {
			isa = PBXSourcesBuildPhase;
			buildActionMask = 2147483647;
			files = (
				4857424A219563CF006151BF /* vector_practice_2.cpp in Sources */,
			);
			runOnlyForDeploymentPostprocessing = 0;
		};
/* End PBXSourcesBuildPhase section */

/* Begin XCBuildConfiguration section */
		48574234219430C2006151BF /* Debug */ = {
			isa = XCBuildConfiguration;
			buildSettings = {
				CODE_SIGN_STYLE = Automatic;
				DEVELOPMENT_TEAM = F89HYZ4J46;
				PRODUCT_NAME = "$(TARGET_NAME)";
			};
			name = Debug;
		};
		48574235219430C2006151BF /* Release */ = {
			isa = XCBuildConfiguration;
			buildSettings = {
				CODE_SIGN_STYLE = Automatic;
				DEVELOPMENT_TEAM = F89HYZ4J46;
				PRODUCT_NAME = "$(TARGET_NAME)";
			};
			name = Release;
		};
		48574240219467D8006151BF /* Debug */ = {
			isa = XCBuildConfiguration;
			buildSettings = {
				CODE_SIGN_STYLE = Automatic;
				DEVELOPMENT_TEAM = F89HYZ4J46;
				PRODUCT_NAME = "$(TARGET_NAME)";
			};
			name = Debug;
		};
		48574241219467D8006151BF /* Release */ = {
			isa = XCBuildConfiguration;
			buildSettings = {
				CODE_SIGN_STYLE = Automatic;
				DEVELOPMENT_TEAM = F89HYZ4J46;
				PRODUCT_NAME = "$(TARGET_NAME)";
			};
			name = Release;
		};
		48694B1F219744D400896589 /* Debug */ = {
			isa = XCBuildConfiguration;
			buildSettings = {
				CODE_SIGN_STYLE = Automatic;
				DEVELOPMENT_TEAM = F89HYZ4J46;
				PRODUCT_NAME = "$(TARGET_NAME)";
			};
			name = Debug;
		};
		48694B20219744D400896589 /* Release */ = {
			isa = XCBuildConfiguration;
			buildSettings = {
				CODE_SIGN_STYLE = Automatic;
				DEVELOPMENT_TEAM = F89HYZ4J46;
				PRODUCT_NAME = "$(TARGET_NAME)";
			};
			name = Release;
		};
		486E893D218F187B00C8BC5E /* Debug */ = {
			isa = XCBuildConfiguration;
			buildSettings = {
				ALWAYS_SEARCH_USER_PATHS = NO;
				CLANG_ANALYZER_NONNULL = YES;
				CLANG_ANALYZER_NUMBER_OBJECT_CONVERSION = YES_AGGRESSIVE;
				CLANG_CXX_LANGUAGE_STANDARD = "gnu++14";
				CLANG_CXX_LIBRARY = "libc++";
				CLANG_ENABLE_MODULES = YES;
				CLANG_ENABLE_OBJC_ARC = YES;
				CLANG_ENABLE_OBJC_WEAK = YES;
				CLANG_WARN_BLOCK_CAPTURE_AUTORELEASING = YES;
				CLANG_WARN_BOOL_CONVERSION = YES;
				CLANG_WARN_COMMA = YES;
				CLANG_WARN_CONSTANT_CONVERSION = YES;
				CLANG_WARN_DEPRECATED_OBJC_IMPLEMENTATIONS = YES;
				CLANG_WARN_DIRECT_OBJC_ISA_USAGE = YES_ERROR;
				CLANG_WARN_DOCUMENTATION_COMMENTS = YES;
				CLANG_WARN_EMPTY_BODY = YES;
				CLANG_WARN_ENUM_CONVERSION = YES;
				CLANG_WARN_INFINITE_RECURSION = YES;
				CLANG_WARN_INT_CONVERSION = YES;
				CLANG_WARN_NON_LITERAL_NULL_CONVERSION = YES;
				CLANG_WARN_OBJC_IMPLICIT_RETAIN_SELF = YES;
				CLANG_WARN_OBJC_LITERAL_CONVERSION = YES;
				CLANG_WARN_OBJC_ROOT_CLASS = YES_ERROR;
				CLANG_WARN_RANGE_LOOP_ANALYSIS = YES;
				CLANG_WARN_STRICT_PROTOTYPES = YES;
				CLANG_WARN_SUSPICIOUS_MOVE = YES;
				CLANG_WARN_UNGUARDED_AVAILABILITY = YES_AGGRESSIVE;
				CLANG_WARN_UNREACHABLE_CODE = YES;
				CLANG_WARN__DUPLICATE_METHOD_MATCH = YES;
				CODE_SIGN_IDENTITY = "Mac Developer";
				COPY_PHASE_STRIP = NO;
				DEBUG_INFORMATION_FORMAT = dwarf;
				ENABLE_STRICT_OBJC_MSGSEND = YES;
				ENABLE_TESTABILITY = YES;
				GCC_C_LANGUAGE_STANDARD = gnu11;
				GCC_DYNAMIC_NO_PIC = NO;
				GCC_NO_COMMON_BLOCKS = YES;
				GCC_OPTIMIZATION_LEVEL = 0;
				GCC_PREPROCESSOR_DEFINITIONS = (
					"DEBUG=1",
					"$(inherited)",
				);
				GCC_WARN_64_TO_32_BIT_CONVERSION = YES;
				GCC_WARN_ABOUT_RETURN_TYPE = YES_ERROR;
				GCC_WARN_UNDECLARED_SELECTOR = YES;
				GCC_WARN_UNINITIALIZED_AUTOS = YES_AGGRESSIVE;
				GCC_WARN_UNUSED_FUNCTION = YES;
				GCC_WARN_UNUSED_VARIABLE = YES;
				MACOSX_DEPLOYMENT_TARGET = 10.14;
				MTL_ENABLE_DEBUG_INFO = INCLUDE_SOURCE;
				MTL_FAST_MATH = YES;
				ONLY_ACTIVE_ARCH = YES;
				SDKROOT = macosx;
			};
			name = Debug;
		};
		486E893E218F187B00C8BC5E /* Release */ = {
			isa = XCBuildConfiguration;
			buildSettings = {
				ALWAYS_SEARCH_USER_PATHS = NO;
				CLANG_ANALYZER_NONNULL = YES;
				CLANG_ANALYZER_NUMBER_OBJECT_CONVERSION = YES_AGGRESSIVE;
				CLANG_CXX_LANGUAGE_STANDARD = "gnu++14";
				CLANG_CXX_LIBRARY = "libc++";
				CLANG_ENABLE_MODULES = YES;
				CLANG_ENABLE_OBJC_ARC = YES;
				CLANG_ENABLE_OBJC_WEAK = YES;
				CLANG_WARN_BLOCK_CAPTURE_AUTORELEASING = YES;
				CLANG_WARN_BOOL_CONVERSION = YES;
				CLANG_WARN_COMMA = YES;
				CLANG_WARN_CONSTANT_CONVERSION = YES;
				CLANG_WARN_DEPRECATED_OBJC_IMPLEMENTATIONS = YES;
				CLANG_WARN_DIRECT_OBJC_ISA_USAGE = YES_ERROR;
				CLANG_WARN_DOCUMENTATION_COMMENTS = YES;
				CLANG_WARN_EMPTY_BODY = YES;
				CLANG_WARN_ENUM_CONVERSION = YES;
				CLANG_WARN_INFINITE_RECURSION = YES;
				CLANG_WARN_INT_CONVERSION = YES;
				CLANG_WARN_NON_LITERAL_NULL_CONVERSION = YES;
				CLANG_WARN_OBJC_IMPLICIT_RETAIN_SELF = YES;
				CLANG_WARN_OBJC_LITERAL_CONVERSION = YES;
				CLANG_WARN_OBJC_ROOT_CLASS = YES_ERROR;
				CLANG_WARN_RANGE_LOOP_ANALYSIS = YES;
				CLANG_WARN_STRICT_PROTOTYPES = YES;
				CLANG_WARN_SUSPICIOUS_MOVE = YES;
				CLANG_WARN_UNGUARDED_AVAILABILITY = YES_AGGRESSIVE;
				CLANG_WARN_UNREACHABLE_CODE = YES;
				CLANG_WARN__DUPLICATE_METHOD_MATCH = YES;
				CODE_SIGN_IDENTITY = "Mac Developer";
				COPY_PHASE_STRIP = NO;
				DEBUG_INFORMATION_FORMAT = "dwarf-with-dsym";
				ENABLE_NS_ASSERTIONS = NO;
				ENABLE_STRICT_OBJC_MSGSEND = YES;
				GCC_C_LANGUAGE_STANDARD = gnu11;
				GCC_NO_COMMON_BLOCKS = YES;
				GCC_WARN_64_TO_32_BIT_CONVERSION = YES;
				GCC_WARN_ABOUT_RETURN_TYPE = YES_ERROR;
				GCC_WARN_UNDECLARED_SELECTOR = YES;
				GCC_WARN_UNINITIALIZED_AUTOS = YES_AGGRESSIVE;
				GCC_WARN_UNUSED_FUNCTION = YES;
				GCC_WARN_UNUSED_VARIABLE = YES;
				MACOSX_DEPLOYMENT_TARGET = 10.14;
				MTL_ENABLE_DEBUG_INFO = NO;
				MTL_FAST_MATH = YES;
				SDKROOT = macosx;
			};
			name = Release;
		};
		486E8940218F187B00C8BC5E /* Debug */ = {
			isa = XCBuildConfiguration;
			buildSettings = {
				CODE_SIGN_STYLE = Automatic;
				DEVELOPMENT_TEAM = F89HYZ4J46;
				PRODUCT_NAME = "$(TARGET_NAME)";
			};
			name = Debug;
		};
		486E8941218F187B00C8BC5E /* Release */ = {
			isa = XCBuildConfiguration;
			buildSettings = {
				CODE_SIGN_STYLE = Automatic;
				DEVELOPMENT_TEAM = F89HYZ4J46;
				PRODUCT_NAME = "$(TARGET_NAME)";
			};
			name = Release;
		};
		486E894B218F18B200C8BC5E /* Debug */ = {
			isa = XCBuildConfiguration;
			buildSettings = {
				CODE_SIGN_STYLE = Automatic;
				DEVELOPMENT_TEAM = F89HYZ4J46;
				PRODUCT_NAME = "$(TARGET_NAME)";
			};
			name = Debug;
		};
		486E894C218F18B200C8BC5E /* Release */ = {
			isa = XCBuildConfiguration;
			buildSettings = {
				CODE_SIGN_STYLE = Automatic;
				DEVELOPMENT_TEAM = F89HYZ4J46;
				PRODUCT_NAME = "$(TARGET_NAME)";
			};
			name = Release;
		};
		486E8956218F192B00C8BC5E /* Debug */ = {
			isa = XCBuildConfiguration;
			buildSettings = {
				CODE_SIGN_STYLE = Automatic;
				DEVELOPMENT_TEAM = F89HYZ4J46;
				PRODUCT_NAME = "$(TARGET_NAME)";
			};
			name = Debug;
		};
		486E8957218F192B00C8BC5E /* Release */ = {
			isa = XCBuildConfiguration;
			buildSettings = {
				CODE_SIGN_STYLE = Automatic;
				DEVELOPMENT_TEAM = F89HYZ4J46;
				PRODUCT_NAME = "$(TARGET_NAME)";
			};
			name = Release;
		};
		486E8961218F19A200C8BC5E /* Debug */ = {
			isa = XCBuildConfiguration;
			buildSettings = {
				CODE_SIGN_STYLE = Automatic;
				DEVELOPMENT_TEAM = F89HYZ4J46;
				PRODUCT_NAME = "$(TARGET_NAME)";
			};
			name = Debug;
		};
		486E8962218F19A200C8BC5E /* Release */ = {
			isa = XCBuildConfiguration;
			buildSettings = {
				CODE_SIGN_STYLE = Automatic;
				DEVELOPMENT_TEAM = F89HYZ4J46;
				PRODUCT_NAME = "$(TARGET_NAME)";
			};
			name = Release;
		};
		486E896C218F1AAC00C8BC5E /* Debug */ = {
			isa = XCBuildConfiguration;
			buildSettings = {
				CODE_SIGN_STYLE = Automatic;
				DEVELOPMENT_TEAM = F89HYZ4J46;
				PRODUCT_NAME = "$(TARGET_NAME)";
			};
			name = Debug;
		};
		486E896D218F1AAC00C8BC5E /* Release */ = {
			isa = XCBuildConfiguration;
			buildSettings = {
				CODE_SIGN_STYLE = Automatic;
				DEVELOPMENT_TEAM = F89HYZ4J46;
				PRODUCT_NAME = "$(TARGET_NAME)";
			};
			name = Release;
		};
		486E8977218F1B0200C8BC5E /* Debug */ = {
			isa = XCBuildConfiguration;
			buildSettings = {
				CODE_SIGN_STYLE = Automatic;
				DEVELOPMENT_TEAM = F89HYZ4J46;
				PRODUCT_NAME = "$(TARGET_NAME)";
			};
			name = Debug;
		};
		486E8978218F1B0200C8BC5E /* Release */ = {
			isa = XCBuildConfiguration;
			buildSettings = {
				CODE_SIGN_STYLE = Automatic;
				DEVELOPMENT_TEAM = F89HYZ4J46;
				PRODUCT_NAME = "$(TARGET_NAME)";
			};
			name = Release;
		};
		486E8982218F1B6A00C8BC5E /* Debug */ = {
			isa = XCBuildConfiguration;
			buildSettings = {
				CODE_SIGN_STYLE = Automatic;
				DEVELOPMENT_TEAM = F89HYZ4J46;
				PRODUCT_NAME = "$(TARGET_NAME)";
			};
			name = Debug;
		};
		486E8983218F1B6A00C8BC5E /* Release */ = {
			isa = XCBuildConfiguration;
			buildSettings = {
				CODE_SIGN_STYLE = Automatic;
				DEVELOPMENT_TEAM = F89HYZ4J46;
				PRODUCT_NAME = "$(TARGET_NAME)";
			};
			name = Release;
		};
		486E898D218F1B9600C8BC5E /* Debug */ = {
			isa = XCBuildConfiguration;
			buildSettings = {
				CODE_SIGN_STYLE = Automatic;
				DEVELOPMENT_TEAM = F89HYZ4J46;
				PRODUCT_NAME = "$(TARGET_NAME)";
			};
			name = Debug;
		};
		486E898E218F1B9600C8BC5E /* Release */ = {
			isa = XCBuildConfiguration;
			buildSettings = {
				CODE_SIGN_STYLE = Automatic;
				DEVELOPMENT_TEAM = F89HYZ4J46;
				PRODUCT_NAME = "$(TARGET_NAME)";
			};
			name = Release;
		};
		486E8998218F1BD000C8BC5E /* Debug */ = {
			isa = XCBuildConfiguration;
			buildSettings = {
				CODE_SIGN_STYLE = Automatic;
				DEVELOPMENT_TEAM = F89HYZ4J46;
				PRODUCT_NAME = "$(TARGET_NAME)";
			};
			name = Debug;
		};
		486E8999218F1BD000C8BC5E /* Release */ = {
			isa = XCBuildConfiguration;
			buildSettings = {
				CODE_SIGN_STYLE = Automatic;
				DEVELOPMENT_TEAM = F89HYZ4J46;
				PRODUCT_NAME = "$(TARGET_NAME)";
			};
			name = Release;
		};
		486E89A3218F1C0700C8BC5E /* Debug */ = {
			isa = XCBuildConfiguration;
			buildSettings = {
				CODE_SIGN_STYLE = Automatic;
				DEVELOPMENT_TEAM = F89HYZ4J46;
				PRODUCT_NAME = "$(TARGET_NAME)";
			};
			name = Debug;
		};
		486E89A4218F1C0700C8BC5E /* Release */ = {
			isa = XCBuildConfiguration;
			buildSettings = {
				CODE_SIGN_STYLE = Automatic;
				DEVELOPMENT_TEAM = F89HYZ4J46;
				PRODUCT_NAME = "$(TARGET_NAME)";
			};
			name = Release;
		};
		4884C7CE219172AB007550D0 /* Debug */ = {
			isa = XCBuildConfiguration;
			buildSettings = {
				CODE_SIGN_STYLE = Automatic;
				DEVELOPMENT_TEAM = F89HYZ4J46;
				PRODUCT_NAME = "$(TARGET_NAME)";
			};
			name = Debug;
		};
		4884C7CF219172AB007550D0 /* Release */ = {
			isa = XCBuildConfiguration;
			buildSettings = {
				CODE_SIGN_STYLE = Automatic;
				DEVELOPMENT_TEAM = F89HYZ4J46;
				PRODUCT_NAME = "$(TARGET_NAME)";
			};
			name = Release;
		};
		4884C7DA21930F1C007550D0 /* Debug */ = {
			isa = XCBuildConfiguration;
			buildSettings = {
				CODE_SIGN_STYLE = Automatic;
				DEVELOPMENT_TEAM = F89HYZ4J46;
				PRODUCT_NAME = "$(TARGET_NAME)";
			};
			name = Debug;
		};
		4884C7DB21930F1C007550D0 /* Release */ = {
			isa = XCBuildConfiguration;
			buildSettings = {
				CODE_SIGN_STYLE = Automatic;
				DEVELOPMENT_TEAM = F89HYZ4J46;
				PRODUCT_NAME = "$(TARGET_NAME)";
			};
			name = Release;
		};
/* End XCBuildConfiguration section */

/* Begin XCConfigurationList section */
		48574236219430C2006151BF /* Build configuration list for PBXNativeTarget "who take my clay" */ = {
			isa = XCConfigurationList;
			buildConfigurations = (
				48574234219430C2006151BF /* Debug */,
				48574235219430C2006151BF /* Release */,
			);
			defaultConfigurationIsVisible = 0;
			defaultConfigurationName = Release;
		};
		4857423F219467D8006151BF /* Build configuration list for PBXNativeTarget "bitwise operation practice" */ = {
			isa = XCConfigurationList;
			buildConfigurations = (
				48574240219467D8006151BF /* Debug */,
				48574241219467D8006151BF /* Release */,
			);
			defaultConfigurationIsVisible = 0;
			defaultConfigurationName = Release;
		};
		48694B1E219744D400896589 /* Build configuration list for PBXNativeTarget "testing_target" */ = {
			isa = XCConfigurationList;
			buildConfigurations = (
				48694B1F219744D400896589 /* Debug */,
				48694B20219744D400896589 /* Release */,
			);
			defaultConfigurationIsVisible = 0;
			defaultConfigurationName = Release;
		};
		486E8933218F187B00C8BC5E /* Build configuration list for PBXProject "my_cpp_practice" */ = {
			isa = XCConfigurationList;
			buildConfigurations = (
				486E893D218F187B00C8BC5E /* Debug */,
				486E893E218F187B00C8BC5E /* Release */,
			);
			defaultConfigurationIsVisible = 0;
			defaultConfigurationName = Release;
		};
		486E893F218F187B00C8BC5E /* Build configuration list for PBXNativeTarget "my_cpp_practice" */ = {
			isa = XCConfigurationList;
			buildConfigurations = (
				486E8940218F187B00C8BC5E /* Debug */,
				486E8941218F187B00C8BC5E /* Release */,
			);
			defaultConfigurationIsVisible = 0;
			defaultConfigurationName = Release;
		};
		486E894A218F18B200C8BC5E /* Build configuration list for PBXNativeTarget "addition_by_string" */ = {
			isa = XCConfigurationList;
			buildConfigurations = (
				486E894B218F18B200C8BC5E /* Debug */,
				486E894C218F18B200C8BC5E /* Release */,
			);
			defaultConfigurationIsVisible = 0;
			defaultConfigurationName = Release;
		};
		486E8955218F192B00C8BC5E /* Build configuration list for PBXNativeTarget "Bisection method (For linear)" */ = {
			isa = XCConfigurationList;
			buildConfigurations = (
				486E8956218F192B00C8BC5E /* Debug */,
				486E8957218F192B00C8BC5E /* Release */,
			);
			defaultConfigurationIsVisible = 0;
			defaultConfigurationName = Release;
		};
		486E8960218F19A200C8BC5E /* Build configuration list for PBXNativeTarget "Palindrome string" */ = {
			isa = XCConfigurationList;
			buildConfigurations = (
				486E8961218F19A200C8BC5E /* Debug */,
				486E8962218F19A200C8BC5E /* Release */,
			);
			defaultConfigurationIsVisible = 0;
			defaultConfigurationName = Release;
		};
		486E896B218F1AAC00C8BC5E /* Build configuration list for PBXNativeTarget "Faster fibonacci by using array" */ = {
			isa = XCConfigurationList;
			buildConfigurations = (
				486E896C218F1AAC00C8BC5E /* Debug */,
				486E896D218F1AAC00C8BC5E /* Release */,
			);
			defaultConfigurationIsVisible = 0;
			defaultConfigurationName = Release;
		};
		486E8976218F1B0200C8BC5E /* Build configuration list for PBXNativeTarget "Find the number of palindrome substring" */ = {
			isa = XCConfigurationList;
			buildConfigurations = (
				486E8977218F1B0200C8BC5E /* Debug */,
				486E8978218F1B0200C8BC5E /* Release */,
			);
			defaultConfigurationIsVisible = 0;
			defaultConfigurationName = Release;
		};
		486E8981218F1B6A00C8BC5E /* Build configuration list for PBXNativeTarget "Last three number" */ = {
			isa = XCConfigurationList;
			buildConfigurations = (
				486E8982218F1B6A00C8BC5E /* Debug */,
				486E8983218F1B6A00C8BC5E /* Release */,
			);
			defaultConfigurationIsVisible = 0;
			defaultConfigurationName = Release;
		};
		486E898C218F1B9600C8BC5E /* Build configuration list for PBXNativeTarget "Print numerical trapezium" */ = {
			isa = XCConfigurationList;
			buildConfigurations = (
				486E898D218F1B9600C8BC5E /* Debug */,
				486E898E218F1B9600C8BC5E /* Release */,
			);
			defaultConfigurationIsVisible = 0;
			defaultConfigurationName = Release;
		};
		486E8997218F1BD000C8BC5E /* Build configuration list for PBXNativeTarget "Reverse a matrix" */ = {
			isa = XCConfigurationList;
			buildConfigurations = (
				486E8998218F1BD000C8BC5E /* Debug */,
				486E8999218F1BD000C8BC5E /* Release */,
			);
			defaultConfigurationIsVisible = 0;
			defaultConfigurationName = Release;
		};
		486E89A2218F1C0700C8BC5E /* Build configuration list for PBXNativeTarget "who_got_the_biggest_number" */ = {
			isa = XCConfigurationList;
			buildConfigurations = (
				486E89A3218F1C0700C8BC5E /* Debug */,
				486E89A4218F1C0700C8BC5E /* Release */,
			);
			defaultConfigurationIsVisible = 0;
			defaultConfigurationName = Release;
		};
		4884C7D0219172AB007550D0 /* Build configuration list for PBXNativeTarget "wing of liberty - starcraft" */ = {
			isa = XCConfigurationList;
			buildConfigurations = (
				4884C7CE219172AB007550D0 /* Debug */,
				4884C7CF219172AB007550D0 /* Release */,
			);
			defaultConfigurationIsVisible = 0;
			defaultConfigurationName = Release;
		};
		4884C7D921930F1C007550D0 /* Build configuration list for PBXNativeTarget "vector practice" */ = {
			isa = XCConfigurationList;
			buildConfigurations = (
				4884C7DA21930F1C007550D0 /* Debug */,
				4884C7DB21930F1C007550D0 /* Release */,
			);
			defaultConfigurationIsVisible = 0;
			defaultConfigurationName = Release;
		};
/* End XCConfigurationList section */
	};
	rootObject = 486E8930218F187B00C8BC5E /* Project object */;
}
